// !$*UTF8*$!
{
	archiveVersion = 1;
	classes = {
	};
	objectVersion = 56;
	objects = {

/* Begin PBXBuildFile section */
		3A1DB18C2A1F038F0091414B /* Encyclopedia.swift in Sources */ = {isa = PBXBuildFile; fileRef = 3A1DB18B2A1F038F0091414B /* Encyclopedia.swift */; };
		3A1DB18E2A1F079E0091414B /* EncyclopediaButton.swift in Sources */ = {isa = PBXBuildFile; fileRef = 3A1DB18D2A1F079E0091414B /* EncyclopediaButton.swift */; };
		3A1DB1902A1F08CE0091414B /* SearchBar.swift in Sources */ = {isa = PBXBuildFile; fileRef = 3A1DB18F2A1F08CE0091414B /* SearchBar.swift */; };
		3A67BD4729D61B2B00296FCE /* GoogleService-Info.plist in Resources */ = {isa = PBXBuildFile; fileRef = 3A67BD4629D61B2B00296FCE /* GoogleService-Info.plist */; };
		4AD7372829D534A500A54A26 /* UserInfoView.swift in Sources */ = {isa = PBXBuildFile; fileRef = 4AD7372729D534A500A54A26 /* UserInfoView.swift */; };
		BE02B58B29B0189300CA5C84 /* OrofacialApp.swift in Sources */ = {isa = PBXBuildFile; fileRef = BE02B58A29B0189300CA5C84 /* OrofacialApp.swift */; };
		BE02B58D29B0189300CA5C84 /* ContentView.swift in Sources */ = {isa = PBXBuildFile; fileRef = BE02B58C29B0189300CA5C84 /* ContentView.swift */; };
		BE02B58F29B0189400CA5C84 /* Assets.xcassets in Resources */ = {isa = PBXBuildFile; fileRef = BE02B58E29B0189400CA5C84 /* Assets.xcassets */; };
		BE02B59229B0189400CA5C84 /* Preview Assets.xcassets in Resources */ = {isa = PBXBuildFile; fileRef = BE02B59129B0189400CA5C84 /* Preview Assets.xcassets */; };
		BE02B59C29B0189400CA5C84 /* OrofacialTests.swift in Sources */ = {isa = PBXBuildFile; fileRef = BE02B59B29B0189400CA5C84 /* OrofacialTests.swift */; };
		BE02B5A629B0189400CA5C84 /* OrofacialUITests.swift in Sources */ = {isa = PBXBuildFile; fileRef = BE02B5A529B0189400CA5C84 /* OrofacialUITests.swift */; };
		BE02B5A829B0189400CA5C84 /* OrofacialUITestsLaunchTests.swift in Sources */ = {isa = PBXBuildFile; fileRef = BE02B5A729B0189400CA5C84 /* OrofacialUITestsLaunchTests.swift */; };
		BE40818229C958170058C97B /* OnboardingView.swift in Sources */ = {isa = PBXBuildFile; fileRef = BE40818129C958170058C97B /* OnboardingView.swift */; };
		BE40818629C970400058C97B /* CircleGroupView.swift in Sources */ = {isa = PBXBuildFile; fileRef = BE40818529C970400058C97B /* CircleGroupView.swift */; };
		BE40818829C972F00058C97B /* LoginView.swift in Sources */ = {isa = PBXBuildFile; fileRef = BE40818729C972F00058C97B /* LoginView.swift */; };
		BEA7AAB42A099F35007B0FAE /* AuthenticationView.swift in Sources */ = {isa = PBXBuildFile; fileRef = BEA7AAB32A099F35007B0FAE /* AuthenticationView.swift */; };
		BEA7AAB62A09A06F007B0FAE /* SignInEmailView.swift in Sources */ = {isa = PBXBuildFile; fileRef = BEA7AAB52A09A06F007B0FAE /* SignInEmailView.swift */; };
		BEA7AAB92A09A219007B0FAE /* AuthenticationManager.swift in Sources */ = {isa = PBXBuildFile; fileRef = BEA7AAB82A09A219007B0FAE /* AuthenticationManager.swift */; };
		BEA7AABD2A09AF7B007B0FAE /* ProfileView.swift in Sources */ = {isa = PBXBuildFile; fileRef = BEA7AABC2A09AF7B007B0FAE /* ProfileView.swift */; };
		BEA7AABF2A09AFC4007B0FAE /* EncyclopediaView.swift in Sources */ = {isa = PBXBuildFile; fileRef = BEA7AABE2A09AFC4007B0FAE /* EncyclopediaView.swift */; };
		BEA7AAC22A09B035007B0FAE /* SettingsView.swift in Sources */ = {isa = PBXBuildFile; fileRef = BEA7AAC12A09B035007B0FAE /* SettingsView.swift */; };
		BEA7AAC42A09B449007B0FAE /* RootView.swift in Sources */ = {isa = PBXBuildFile; fileRef = BEA7AAC32A09B449007B0FAE /* RootView.swift */; };
		BEA7AAD32A09F85D007B0FAE /* UserViewModel.swift in Sources */ = {isa = PBXBuildFile; fileRef = BEA7AAD22A09F85D007B0FAE /* UserViewModel.swift */; };
		BEA7AAD82A0AC524007B0FAE /* HomeView.swift in Sources */ = {isa = PBXBuildFile; fileRef = BEA7AAD72A0AC524007B0FAE /* HomeView.swift */; };
		BEA7AADA2A0AC572007B0FAE /* MainView.swift in Sources */ = {isa = PBXBuildFile; fileRef = BEA7AAD92A0AC572007B0FAE /* MainView.swift */; };
		BEA7AADE2A0AD42C007B0FAE /* FAQbutton.swift in Sources */ = {isa = PBXBuildFile; fileRef = BEA7AADD2A0AD42C007B0FAE /* FAQbutton.swift */; };
		BEA7AAE02A0AD60F007B0FAE /* FAQ.swift in Sources */ = {isa = PBXBuildFile; fileRef = BEA7AADF2A0AD60F007B0FAE /* FAQ.swift */; };
		BEA7AAE32A0AE5BA007B0FAE /* FAQpage.swift in Sources */ = {isa = PBXBuildFile; fileRef = BEA7AAE22A0AE5BA007B0FAE /* FAQpage.swift */; };
		BEA7AAE52A0AF3A1007B0FAE /* EncyclopediaPage.swift in Sources */ = {isa = PBXBuildFile; fileRef = BEA7AAE42A0AF3A1007B0FAE /* EncyclopediaPage.swift */; };
		BEA7AAEA2A0C92CF007B0FAE /* SelfAssessmentView.swift in Sources */ = {isa = PBXBuildFile; fileRef = BEA7AAE92A0C92CF007B0FAE /* SelfAssessmentView.swift */; };
		BEA7AAED2A11C178007B0FAE /* PrimaryButton.swift in Sources */ = {isa = PBXBuildFile; fileRef = BEA7AAEC2A11C178007B0FAE /* PrimaryButton.swift */; };
		BEA7AAEF2A11C88A007B0FAE /* ProgressBar.swift in Sources */ = {isa = PBXBuildFile; fileRef = BEA7AAEE2A11C88A007B0FAE /* ProgressBar.swift */; };
		BEA7AAF12A11CFAD007B0FAE /* Assessment.swift in Sources */ = {isa = PBXBuildFile; fileRef = BEA7AAF02A11CFAD007B0FAE /* Assessment.swift */; };
		BEA7AAF32A11D154007B0FAE /* AssessmentManager.swift in Sources */ = {isa = PBXBuildFile; fileRef = BEA7AAF22A11D154007B0FAE /* AssessmentManager.swift */; };
		BEA7AAF52A11D607007B0FAE /* AssessmentAnswer.swift in Sources */ = {isa = PBXBuildFile; fileRef = BEA7AAF42A11D607007B0FAE /* AssessmentAnswer.swift */; };
		BEA7AAF72A11DAE0007B0FAE /* AssessmentAnswerRow.swift in Sources */ = {isa = PBXBuildFile; fileRef = BEA7AAF62A11DAE0007B0FAE /* AssessmentAnswerRow.swift */; };
		BEA7AAF92A11EB30007B0FAE /* ProfileSetUpView.swift in Sources */ = {isa = PBXBuildFile; fileRef = BEA7AAF82A11EB30007B0FAE /* ProfileSetUpView.swift */; };
		BEA7AAFB2A11EC02007B0FAE /* UserInfo.swift in Sources */ = {isa = PBXBuildFile; fileRef = BEA7AAFA2A11EC02007B0FAE /* UserInfo.swift */; };
		BEA7AAFD2A12ADC1007B0FAE /* LoginButton.swift in Sources */ = {isa = PBXBuildFile; fileRef = BEA7AAFC2A12ADC1007B0FAE /* LoginButton.swift */; };
		BEA7AB002A12B313007B0FAE /* GoogleSignIn in Frameworks */ = {isa = PBXBuildFile; productRef = BEA7AAFF2A12B313007B0FAE /* GoogleSignIn */; };
		BEA7AB022A12B313007B0FAE /* GoogleSignInSwift in Frameworks */ = {isa = PBXBuildFile; productRef = BEA7AB012A12B313007B0FAE /* GoogleSignInSwift */; };
		BEA7AB082A12C369007B0FAE /* LoginManager.swift in Sources */ = {isa = PBXBuildFile; fileRef = BEA7AB072A12C369007B0FAE /* LoginManager.swift */; };
		BEA7AB0C2A17087B007B0FAE /* SymptomAssessment.swift in Sources */ = {isa = PBXBuildFile; fileRef = BEA7AB0B2A17087B007B0FAE /* SymptomAssessment.swift */; };
		BEA7AB0E2A1711CA007B0FAE /* SymptomView.swift in Sources */ = {isa = PBXBuildFile; fileRef = BEA7AB0D2A1711CA007B0FAE /* SymptomView.swift */; };
		BEA7AB122A1BF5B7007B0FAE /* FirebaseAnalytics in Frameworks */ = {isa = PBXBuildFile; productRef = BEA7AB112A1BF5B7007B0FAE /* FirebaseAnalytics */; };
		BEA7AB142A1BF5B7007B0FAE /* FirebaseAnalyticsOnDeviceConversion in Frameworks */ = {isa = PBXBuildFile; productRef = BEA7AB132A1BF5B7007B0FAE /* FirebaseAnalyticsOnDeviceConversion */; };
		BEA7AB162A1BF5B7007B0FAE /* FirebaseAnalyticsSwift in Frameworks */ = {isa = PBXBuildFile; productRef = BEA7AB152A1BF5B7007B0FAE /* FirebaseAnalyticsSwift */; };
		BEA7AB182A1BF5B7007B0FAE /* FirebaseAnalyticsWithoutAdIdSupport in Frameworks */ = {isa = PBXBuildFile; productRef = BEA7AB172A1BF5B7007B0FAE /* FirebaseAnalyticsWithoutAdIdSupport */; };
		BEA7AB1A2A1BF5B7007B0FAE /* FirebaseAppCheck in Frameworks */ = {isa = PBXBuildFile; productRef = BEA7AB192A1BF5B7007B0FAE /* FirebaseAppCheck */; };
		BEA7AB1C2A1BF5B7007B0FAE /* FirebaseAppDistribution-Beta in Frameworks */ = {isa = PBXBuildFile; productRef = BEA7AB1B2A1BF5B7007B0FAE /* FirebaseAppDistribution-Beta */; };
		BEA7AB1E2A1BF5B7007B0FAE /* FirebaseAuth in Frameworks */ = {isa = PBXBuildFile; productRef = BEA7AB1D2A1BF5B7007B0FAE /* FirebaseAuth */; };
		BEA7AB202A1BF5B7007B0FAE /* FirebaseAuthCombine-Community in Frameworks */ = {isa = PBXBuildFile; productRef = BEA7AB1F2A1BF5B7007B0FAE /* FirebaseAuthCombine-Community */; };
		BEA7AB222A1BF5B7007B0FAE /* FirebaseCrashlytics in Frameworks */ = {isa = PBXBuildFile; productRef = BEA7AB212A1BF5B7007B0FAE /* FirebaseCrashlytics */; };
		BEA7AB242A1BF5B7007B0FAE /* FirebaseDatabase in Frameworks */ = {isa = PBXBuildFile; productRef = BEA7AB232A1BF5B7007B0FAE /* FirebaseDatabase */; };
		BEA7AB262A1BF5B7007B0FAE /* FirebaseDatabaseSwift in Frameworks */ = {isa = PBXBuildFile; productRef = BEA7AB252A1BF5B7007B0FAE /* FirebaseDatabaseSwift */; };
		BEA7AB282A1BF5B7007B0FAE /* FirebaseDynamicLinks in Frameworks */ = {isa = PBXBuildFile; productRef = BEA7AB272A1BF5B7007B0FAE /* FirebaseDynamicLinks */; };
		BEA7AB2A2A1BF5B7007B0FAE /* FirebaseFirestore in Frameworks */ = {isa = PBXBuildFile; productRef = BEA7AB292A1BF5B7007B0FAE /* FirebaseFirestore */; };
		BEA7AB2C2A1BF5B7007B0FAE /* FirebaseFirestoreCombine-Community in Frameworks */ = {isa = PBXBuildFile; productRef = BEA7AB2B2A1BF5B7007B0FAE /* FirebaseFirestoreCombine-Community */; };
		BEA7AB2E2A1BF5B7007B0FAE /* FirebaseFirestoreSwift in Frameworks */ = {isa = PBXBuildFile; productRef = BEA7AB2D2A1BF5B7007B0FAE /* FirebaseFirestoreSwift */; };
		BEA7AB302A1BF5B7007B0FAE /* FirebaseFunctions in Frameworks */ = {isa = PBXBuildFile; productRef = BEA7AB2F2A1BF5B7007B0FAE /* FirebaseFunctions */; };
		BEA7AB322A1BF5B7007B0FAE /* FirebaseFunctionsCombine-Community in Frameworks */ = {isa = PBXBuildFile; productRef = BEA7AB312A1BF5B7007B0FAE /* FirebaseFunctionsCombine-Community */; };
		BEA7AB342A1BF5B7007B0FAE /* FirebaseInAppMessaging-Beta in Frameworks */ = {isa = PBXBuildFile; productRef = BEA7AB332A1BF5B7007B0FAE /* FirebaseInAppMessaging-Beta */; };
		BEA7AB362A1BF5B7007B0FAE /* FirebaseInAppMessagingSwift-Beta in Frameworks */ = {isa = PBXBuildFile; productRef = BEA7AB352A1BF5B7007B0FAE /* FirebaseInAppMessagingSwift-Beta */; };
		BEA7AB382A1BF5B7007B0FAE /* FirebaseInstallations in Frameworks */ = {isa = PBXBuildFile; productRef = BEA7AB372A1BF5B7007B0FAE /* FirebaseInstallations */; };
		BEA7AB3A2A1BF5B7007B0FAE /* FirebaseMLModelDownloader in Frameworks */ = {isa = PBXBuildFile; productRef = BEA7AB392A1BF5B7007B0FAE /* FirebaseMLModelDownloader */; };
		BEA7AB3C2A1BF5B7007B0FAE /* FirebaseMessaging in Frameworks */ = {isa = PBXBuildFile; productRef = BEA7AB3B2A1BF5B7007B0FAE /* FirebaseMessaging */; };
		BEA7AB3E2A1BF5B7007B0FAE /* FirebasePerformance in Frameworks */ = {isa = PBXBuildFile; productRef = BEA7AB3D2A1BF5B7007B0FAE /* FirebasePerformance */; };
		BEA7AB402A1BF5B7007B0FAE /* FirebaseRemoteConfig in Frameworks */ = {isa = PBXBuildFile; productRef = BEA7AB3F2A1BF5B7007B0FAE /* FirebaseRemoteConfig */; };
		BEA7AB422A1BF5B7007B0FAE /* FirebaseRemoteConfigSwift in Frameworks */ = {isa = PBXBuildFile; productRef = BEA7AB412A1BF5B7007B0FAE /* FirebaseRemoteConfigSwift */; };
		BEA7AB442A1BF5B7007B0FAE /* FirebaseStorage in Frameworks */ = {isa = PBXBuildFile; productRef = BEA7AB432A1BF5B7007B0FAE /* FirebaseStorage */; };
		BEA7AB462A1BF5B7007B0FAE /* FirebaseStorageCombine-Community in Frameworks */ = {isa = PBXBuildFile; productRef = BEA7AB452A1BF5B7007B0FAE /* FirebaseStorageCombine-Community */; };
		BEA7AB4A2A1EFD71007B0FAE /* DentalInfoButton.swift in Sources */ = {isa = PBXBuildFile; fileRef = BEA7AB492A1EFD71007B0FAE /* DentalInfoButton.swift */; };
		BEA7AB4C2A1EFE74007B0FAE /* DentalInfoPage.swift in Sources */ = {isa = PBXBuildFile; fileRef = BEA7AB4B2A1EFE74007B0FAE /* DentalInfoPage.swift */; };
		BEE0304229D2266100DE9929 /* OnboardingItem.swift in Sources */ = {isa = PBXBuildFile; fileRef = BEE0304129D2266100DE9929 /* OnboardingItem.swift */; };
		BEE0304629D2293100DE9929 /* OnboardingScreenView.swift in Sources */ = {isa = PBXBuildFile; fileRef = BEE0304529D2293100DE9929 /* OnboardingScreenView.swift */; };
		BEE0304C29D22B3000DE9929 /* OnboardingViews.swift in Sources */ = {isa = PBXBuildFile; fileRef = BEE0304B29D22B3000DE9929 /* OnboardingViews.swift */; };
		BEE0304E29D22CB800DE9929 /* OnboardingContent.plist in Resources */ = {isa = PBXBuildFile; fileRef = BEE0304D29D22CB800DE9929 /* OnboardingContent.plist */; };
		BEE0305029D22D7900DE9929 /* PlistManager.swift in Sources */ = {isa = PBXBuildFile; fileRef = BEE0304F29D22D7900DE9929 /* PlistManager.swift */; };
		BEE0305629D233E200DE9929 /* OnboardingContentManager.swift in Sources */ = {isa = PBXBuildFile; fileRef = BEE0305529D233E200DE9929 /* OnboardingContentManager.swift */; };
/* End PBXBuildFile section */

/* Begin PBXContainerItemProxy section */
		BE02B59829B0189400CA5C84 /* PBXContainerItemProxy */ = {
			isa = PBXContainerItemProxy;
			containerPortal = BE02B57F29B0189300CA5C84 /* Project object */;
			proxyType = 1;
			remoteGlobalIDString = BE02B58629B0189300CA5C84;
			remoteInfo = Orofacial;
		};
		BE02B5A229B0189400CA5C84 /* PBXContainerItemProxy */ = {
			isa = PBXContainerItemProxy;
			containerPortal = BE02B57F29B0189300CA5C84 /* Project object */;
			proxyType = 1;
			remoteGlobalIDString = BE02B58629B0189300CA5C84;
			remoteInfo = Orofacial;
		};
/* End PBXContainerItemProxy section */

/* Begin PBXFileReference section */
		3A1DB18B2A1F038F0091414B /* Encyclopedia.swift */ = {isa = PBXFileReference; lastKnownFileType = sourcecode.swift; path = Encyclopedia.swift; sourceTree = "<group>"; };
		3A1DB18D2A1F079E0091414B /* EncyclopediaButton.swift */ = {isa = PBXFileReference; lastKnownFileType = sourcecode.swift; path = EncyclopediaButton.swift; sourceTree = "<group>"; };
		3A1DB18F2A1F08CE0091414B /* SearchBar.swift */ = {isa = PBXFileReference; lastKnownFileType = sourcecode.swift; path = SearchBar.swift; sourceTree = "<group>"; };
		3A67BD4629D61B2B00296FCE /* GoogleService-Info.plist */ = {isa = PBXFileReference; fileEncoding = 4; lastKnownFileType = text.plist.xml; path = "GoogleService-Info.plist"; sourceTree = "<group>"; };
		4AD7372729D534A500A54A26 /* UserInfoView.swift */ = {isa = PBXFileReference; lastKnownFileType = sourcecode.swift; path = UserInfoView.swift; sourceTree = "<group>"; };
		BE02B58729B0189300CA5C84 /* Orofacial.app */ = {isa = PBXFileReference; explicitFileType = wrapper.application; includeInIndex = 0; path = Orofacial.app; sourceTree = BUILT_PRODUCTS_DIR; };
		BE02B58A29B0189300CA5C84 /* OrofacialApp.swift */ = {isa = PBXFileReference; lastKnownFileType = sourcecode.swift; path = OrofacialApp.swift; sourceTree = "<group>"; };
		BE02B58C29B0189300CA5C84 /* ContentView.swift */ = {isa = PBXFileReference; lastKnownFileType = sourcecode.swift; path = ContentView.swift; sourceTree = "<group>"; };
		BE02B58E29B0189400CA5C84 /* Assets.xcassets */ = {isa = PBXFileReference; lastKnownFileType = folder.assetcatalog; path = Assets.xcassets; sourceTree = "<group>"; };
		BE02B59129B0189400CA5C84 /* Preview Assets.xcassets */ = {isa = PBXFileReference; lastKnownFileType = folder.assetcatalog; path = "Preview Assets.xcassets"; sourceTree = "<group>"; };
		BE02B59729B0189400CA5C84 /* OrofacialTests.xctest */ = {isa = PBXFileReference; explicitFileType = wrapper.cfbundle; includeInIndex = 0; path = OrofacialTests.xctest; sourceTree = BUILT_PRODUCTS_DIR; };
		BE02B59B29B0189400CA5C84 /* OrofacialTests.swift */ = {isa = PBXFileReference; lastKnownFileType = sourcecode.swift; path = OrofacialTests.swift; sourceTree = "<group>"; };
		BE02B5A129B0189400CA5C84 /* OrofacialUITests.xctest */ = {isa = PBXFileReference; explicitFileType = wrapper.cfbundle; includeInIndex = 0; path = OrofacialUITests.xctest; sourceTree = BUILT_PRODUCTS_DIR; };
		BE02B5A529B0189400CA5C84 /* OrofacialUITests.swift */ = {isa = PBXFileReference; lastKnownFileType = sourcecode.swift; path = OrofacialUITests.swift; sourceTree = "<group>"; };
		BE02B5A729B0189400CA5C84 /* OrofacialUITestsLaunchTests.swift */ = {isa = PBXFileReference; lastKnownFileType = sourcecode.swift; path = OrofacialUITestsLaunchTests.swift; sourceTree = "<group>"; };
		BE40818129C958170058C97B /* OnboardingView.swift */ = {isa = PBXFileReference; lastKnownFileType = sourcecode.swift; path = OnboardingView.swift; sourceTree = "<group>"; };
		BE40818529C970400058C97B /* CircleGroupView.swift */ = {isa = PBXFileReference; lastKnownFileType = sourcecode.swift; path = CircleGroupView.swift; sourceTree = "<group>"; };
		BE40818729C972F00058C97B /* LoginView.swift */ = {isa = PBXFileReference; lastKnownFileType = sourcecode.swift; path = LoginView.swift; sourceTree = "<group>"; };
		BEA7AAB32A099F35007B0FAE /* AuthenticationView.swift */ = {isa = PBXFileReference; lastKnownFileType = sourcecode.swift; path = AuthenticationView.swift; sourceTree = "<group>"; };
		BEA7AAB52A09A06F007B0FAE /* SignInEmailView.swift */ = {isa = PBXFileReference; lastKnownFileType = sourcecode.swift; path = SignInEmailView.swift; sourceTree = "<group>"; };
		BEA7AAB82A09A219007B0FAE /* AuthenticationManager.swift */ = {isa = PBXFileReference; lastKnownFileType = sourcecode.swift; path = AuthenticationManager.swift; sourceTree = "<group>"; };
		BEA7AABC2A09AF7B007B0FAE /* ProfileView.swift */ = {isa = PBXFileReference; lastKnownFileType = sourcecode.swift; path = ProfileView.swift; sourceTree = "<group>"; };
		BEA7AABE2A09AFC4007B0FAE /* EncyclopediaView.swift */ = {isa = PBXFileReference; lastKnownFileType = sourcecode.swift; path = EncyclopediaView.swift; sourceTree = "<group>"; };
		BEA7AAC12A09B035007B0FAE /* SettingsView.swift */ = {isa = PBXFileReference; lastKnownFileType = sourcecode.swift; path = SettingsView.swift; sourceTree = "<group>"; };
		BEA7AAC32A09B449007B0FAE /* RootView.swift */ = {isa = PBXFileReference; lastKnownFileType = sourcecode.swift; path = RootView.swift; sourceTree = "<group>"; };
		BEA7AAD22A09F85D007B0FAE /* UserViewModel.swift */ = {isa = PBXFileReference; lastKnownFileType = sourcecode.swift; path = UserViewModel.swift; sourceTree = "<group>"; };
		BEA7AAD72A0AC524007B0FAE /* HomeView.swift */ = {isa = PBXFileReference; lastKnownFileType = sourcecode.swift; path = HomeView.swift; sourceTree = "<group>"; };
		BEA7AAD92A0AC572007B0FAE /* MainView.swift */ = {isa = PBXFileReference; lastKnownFileType = sourcecode.swift; path = MainView.swift; sourceTree = "<group>"; };
		BEA7AADD2A0AD42C007B0FAE /* FAQbutton.swift */ = {isa = PBXFileReference; lastKnownFileType = sourcecode.swift; path = FAQbutton.swift; sourceTree = "<group>"; };
		BEA7AADF2A0AD60F007B0FAE /* FAQ.swift */ = {isa = PBXFileReference; lastKnownFileType = sourcecode.swift; path = FAQ.swift; sourceTree = "<group>"; };
		BEA7AAE22A0AE5BA007B0FAE /* FAQpage.swift */ = {isa = PBXFileReference; lastKnownFileType = sourcecode.swift; path = FAQpage.swift; sourceTree = "<group>"; };
		BEA7AAE42A0AF3A1007B0FAE /* EncyclopediaPage.swift */ = {isa = PBXFileReference; lastKnownFileType = sourcecode.swift; path = EncyclopediaPage.swift; sourceTree = "<group>"; };
		BEA7AAE92A0C92CF007B0FAE /* SelfAssessmentView.swift */ = {isa = PBXFileReference; lastKnownFileType = sourcecode.swift; path = SelfAssessmentView.swift; sourceTree = "<group>"; };
		BEA7AAEC2A11C178007B0FAE /* PrimaryButton.swift */ = {isa = PBXFileReference; lastKnownFileType = sourcecode.swift; path = PrimaryButton.swift; sourceTree = "<group>"; };
		BEA7AAEE2A11C88A007B0FAE /* ProgressBar.swift */ = {isa = PBXFileReference; lastKnownFileType = sourcecode.swift; path = ProgressBar.swift; sourceTree = "<group>"; };
		BEA7AAF02A11CFAD007B0FAE /* Assessment.swift */ = {isa = PBXFileReference; lastKnownFileType = sourcecode.swift; path = Assessment.swift; sourceTree = "<group>"; };
		BEA7AAF22A11D154007B0FAE /* AssessmentManager.swift */ = {isa = PBXFileReference; lastKnownFileType = sourcecode.swift; path = AssessmentManager.swift; sourceTree = "<group>"; };
		BEA7AAF42A11D607007B0FAE /* AssessmentAnswer.swift */ = {isa = PBXFileReference; lastKnownFileType = sourcecode.swift; path = AssessmentAnswer.swift; sourceTree = "<group>"; };
		BEA7AAF62A11DAE0007B0FAE /* AssessmentAnswerRow.swift */ = {isa = PBXFileReference; lastKnownFileType = sourcecode.swift; path = AssessmentAnswerRow.swift; sourceTree = "<group>"; };
		BEA7AAF82A11EB30007B0FAE /* ProfileSetUpView.swift */ = {isa = PBXFileReference; lastKnownFileType = sourcecode.swift; path = ProfileSetUpView.swift; sourceTree = "<group>"; };
		BEA7AAFA2A11EC02007B0FAE /* UserInfo.swift */ = {isa = PBXFileReference; lastKnownFileType = sourcecode.swift; path = UserInfo.swift; sourceTree = "<group>"; };
		BEA7AAFC2A12ADC1007B0FAE /* LoginButton.swift */ = {isa = PBXFileReference; lastKnownFileType = sourcecode.swift; path = LoginButton.swift; sourceTree = "<group>"; };
		BEA7AB032A12B36A007B0FAE /* Info.plist */ = {isa = PBXFileReference; lastKnownFileType = text.plist; path = Info.plist; sourceTree = "<group>"; };
		BEA7AB072A12C369007B0FAE /* LoginManager.swift */ = {isa = PBXFileReference; lastKnownFileType = sourcecode.swift; path = LoginManager.swift; sourceTree = "<group>"; };
		BEA7AB0B2A17087B007B0FAE /* SymptomAssessment.swift */ = {isa = PBXFileReference; lastKnownFileType = sourcecode.swift; path = SymptomAssessment.swift; sourceTree = "<group>"; };
		BEA7AB0D2A1711CA007B0FAE /* SymptomView.swift */ = {isa = PBXFileReference; lastKnownFileType = sourcecode.swift; path = SymptomView.swift; sourceTree = "<group>"; };
		BEA7AB492A1EFD71007B0FAE /* DentalInfoButton.swift */ = {isa = PBXFileReference; lastKnownFileType = sourcecode.swift; path = DentalInfoButton.swift; sourceTree = "<group>"; };
		BEA7AB4B2A1EFE74007B0FAE /* DentalInfoPage.swift */ = {isa = PBXFileReference; lastKnownFileType = sourcecode.swift; path = DentalInfoPage.swift; sourceTree = "<group>"; };
		BEE0304129D2266100DE9929 /* OnboardingItem.swift */ = {isa = PBXFileReference; lastKnownFileType = sourcecode.swift; path = OnboardingItem.swift; sourceTree = "<group>"; };
		BEE0304529D2293100DE9929 /* OnboardingScreenView.swift */ = {isa = PBXFileReference; lastKnownFileType = sourcecode.swift; path = OnboardingScreenView.swift; sourceTree = "<group>"; };
		BEE0304B29D22B3000DE9929 /* OnboardingViews.swift */ = {isa = PBXFileReference; lastKnownFileType = sourcecode.swift; path = OnboardingViews.swift; sourceTree = "<group>"; };
		BEE0304D29D22CB800DE9929 /* OnboardingContent.plist */ = {isa = PBXFileReference; lastKnownFileType = text.plist.xml; path = OnboardingContent.plist; sourceTree = "<group>"; };
		BEE0304F29D22D7900DE9929 /* PlistManager.swift */ = {isa = PBXFileReference; lastKnownFileType = sourcecode.swift; path = PlistManager.swift; sourceTree = "<group>"; };
		BEE0305529D233E200DE9929 /* OnboardingContentManager.swift */ = {isa = PBXFileReference; lastKnownFileType = sourcecode.swift; path = OnboardingContentManager.swift; sourceTree = "<group>"; };
/* End PBXFileReference section */

/* Begin PBXFrameworksBuildPhase section */
		BE02B58429B0189300CA5C84 /* Frameworks */ = {
			isa = PBXFrameworksBuildPhase;
			buildActionMask = 2147483647;
			files = (
				BEA7AB3C2A1BF5B7007B0FAE /* FirebaseMessaging in Frameworks */,
				BEA7AB022A12B313007B0FAE /* GoogleSignInSwift in Frameworks */,
				BEA7AB2E2A1BF5B7007B0FAE /* FirebaseFirestoreSwift in Frameworks */,
				BEA7AB182A1BF5B7007B0FAE /* FirebaseAnalyticsWithoutAdIdSupport in Frameworks */,
				BEA7AB302A1BF5B7007B0FAE /* FirebaseFunctions in Frameworks */,
				BEA7AB002A12B313007B0FAE /* GoogleSignIn in Frameworks */,
				BEA7AB122A1BF5B7007B0FAE /* FirebaseAnalytics in Frameworks */,
				BEA7AB1E2A1BF5B7007B0FAE /* FirebaseAuth in Frameworks */,
				BEA7AB282A1BF5B7007B0FAE /* FirebaseDynamicLinks in Frameworks */,
				BEA7AB222A1BF5B7007B0FAE /* FirebaseCrashlytics in Frameworks */,
				BEA7AB3A2A1BF5B7007B0FAE /* FirebaseMLModelDownloader in Frameworks */,
				BEA7AB262A1BF5B7007B0FAE /* FirebaseDatabaseSwift in Frameworks */,
				BEA7AB2A2A1BF5B7007B0FAE /* FirebaseFirestore in Frameworks */,
				BEA7AB382A1BF5B7007B0FAE /* FirebaseInstallations in Frameworks */,
				BEA7AB322A1BF5B7007B0FAE /* FirebaseFunctionsCombine-Community in Frameworks */,
				BEA7AB2C2A1BF5B7007B0FAE /* FirebaseFirestoreCombine-Community in Frameworks */,
				BEA7AB242A1BF5B7007B0FAE /* FirebaseDatabase in Frameworks */,
				BEA7AB3E2A1BF5B7007B0FAE /* FirebasePerformance in Frameworks */,
				BEA7AB1A2A1BF5B7007B0FAE /* FirebaseAppCheck in Frameworks */,
				BEA7AB142A1BF5B7007B0FAE /* FirebaseAnalyticsOnDeviceConversion in Frameworks */,
				BEA7AB362A1BF5B7007B0FAE /* FirebaseInAppMessagingSwift-Beta in Frameworks */,
				BEA7AB422A1BF5B7007B0FAE /* FirebaseRemoteConfigSwift in Frameworks */,
				BEA7AB162A1BF5B7007B0FAE /* FirebaseAnalyticsSwift in Frameworks */,
				BEA7AB1C2A1BF5B7007B0FAE /* FirebaseAppDistribution-Beta in Frameworks */,
				BEA7AB402A1BF5B7007B0FAE /* FirebaseRemoteConfig in Frameworks */,
				BEA7AB442A1BF5B7007B0FAE /* FirebaseStorage in Frameworks */,
				BEA7AB202A1BF5B7007B0FAE /* FirebaseAuthCombine-Community in Frameworks */,
				BEA7AB462A1BF5B7007B0FAE /* FirebaseStorageCombine-Community in Frameworks */,
				BEA7AB342A1BF5B7007B0FAE /* FirebaseInAppMessaging-Beta in Frameworks */,
			);
			runOnlyForDeploymentPostprocessing = 0;
		};
		BE02B59429B0189400CA5C84 /* Frameworks */ = {
			isa = PBXFrameworksBuildPhase;
			buildActionMask = 2147483647;
			files = (
			);
			runOnlyForDeploymentPostprocessing = 0;
		};
		BE02B59E29B0189400CA5C84 /* Frameworks */ = {
			isa = PBXFrameworksBuildPhase;
			buildActionMask = 2147483647;
			files = (
			);
			runOnlyForDeploymentPostprocessing = 0;
		};
/* End PBXFrameworksBuildPhase section */

/* Begin PBXGroup section */
		BE02B57E29B0189300CA5C84 = {
			isa = PBXGroup;
			children = (
				BE02B58929B0189300CA5C84 /* Orofacial */,
				BE02B59A29B0189400CA5C84 /* OrofacialTests */,
				BE02B5A429B0189400CA5C84 /* OrofacialUITests */,
				BE02B58829B0189300CA5C84 /* Products */,
			);
			sourceTree = "<group>";
		};
		BE02B58829B0189300CA5C84 /* Products */ = {
			isa = PBXGroup;
			children = (
				BE02B58729B0189300CA5C84 /* Orofacial.app */,
				BE02B59729B0189400CA5C84 /* OrofacialTests.xctest */,
				BE02B5A129B0189400CA5C84 /* OrofacialUITests.xctest */,
			);
			name = Products;
			sourceTree = "<group>";
		};
		BE02B58929B0189300CA5C84 /* Orofacial */ = {
			isa = PBXGroup;
			children = (
				BEA7AB032A12B36A007B0FAE /* Info.plist */,
				BE02B58A29B0189300CA5C84 /* OrofacialApp.swift */,
				BE02B58C29B0189300CA5C84 /* ContentView.swift */,
				BEA7AAD92A0AC572007B0FAE /* MainView.swift */,
				BEA7AAEB2A11C15E007B0FAE /* Component */,
				BEA7AAB22A099C72007B0FAE /* Authentication */,
				3A67BD4629D61B2B00296FCE /* GoogleService-Info.plist */,
				BEE0304029D2263000DE9929 /* Onboarding */,
				BE40818029C9579F0058C97B /* Views */,
				BE40817F29C957980058C97B /* Fonts */,
				BE40817E29C9575A0058C97B /* Screens */,
				BE02B58E29B0189400CA5C84 /* Assets.xcassets */,
				BE02B59029B0189400CA5C84 /* Preview Content */,
				BEA7AAD22A09F85D007B0FAE /* UserViewModel.swift */,
			);
			path = Orofacial;
			sourceTree = "<group>";
		};
		BE02B59029B0189400CA5C84 /* Preview Content */ = {
			isa = PBXGroup;
			children = (
				BE02B59129B0189400CA5C84 /* Preview Assets.xcassets */,
			);
			path = "Preview Content";
			sourceTree = "<group>";
		};
		BE02B59A29B0189400CA5C84 /* OrofacialTests */ = {
			isa = PBXGroup;
			children = (
				BE02B59B29B0189400CA5C84 /* OrofacialTests.swift */,
			);
			path = OrofacialTests;
			sourceTree = "<group>";
		};
		BE02B5A429B0189400CA5C84 /* OrofacialUITests */ = {
			isa = PBXGroup;
			children = (
				BE02B5A529B0189400CA5C84 /* OrofacialUITests.swift */,
				BE02B5A729B0189400CA5C84 /* OrofacialUITestsLaunchTests.swift */,
			);
			path = OrofacialUITests;
			sourceTree = "<group>";
		};
		BE40817E29C9575A0058C97B /* Screens */ = {
			isa = PBXGroup;
			children = (
				BEA7AB0F2A1711D3007B0FAE /* Assessment */,
				BEA7AAE62A0C92A2007B0FAE /* Profile */,
				BEA7AAD42A0AC209007B0FAE /* Dental info */,
				BEA7AAC52A09DC90007B0FAE /* Encyclopedia */,
				BE40818129C958170058C97B /* OnboardingView.swift */,
				BE40818729C972F00058C97B /* LoginView.swift */,
				BEA7AAC12A09B035007B0FAE /* SettingsView.swift */,
			);
			path = Screens;
			sourceTree = "<group>";
		};
		BE40817F29C957980058C97B /* Fonts */ = {
			isa = PBXGroup;
			children = (
			);
			path = Fonts;
			sourceTree = "<group>";
		};
		BE40818029C9579F0058C97B /* Views */ = {
			isa = PBXGroup;
			children = (
				BE40818529C970400058C97B /* CircleGroupView.swift */,
			);
			path = Views;
			sourceTree = "<group>";
		};
		BEA7AAB22A099C72007B0FAE /* Authentication */ = {
			isa = PBXGroup;
			children = (
				BEA7AB042A12C1DD007B0FAE /* V1 */,
				BEA7AAB32A099F35007B0FAE /* AuthenticationView.swift */,
				BEA7AAC32A09B449007B0FAE /* RootView.swift */,
				BEA7AB072A12C369007B0FAE /* LoginManager.swift */,
			);
			path = Authentication;
			sourceTree = "<group>";
		};
		BEA7AAC52A09DC90007B0FAE /* Encyclopedia */ = {
			isa = PBXGroup;
			children = (
				BEA7AABE2A09AFC4007B0FAE /* EncyclopediaView.swift */,
				BEA7AAE42A0AF3A1007B0FAE /* EncyclopediaPage.swift */,
				3A1DB18B2A1F038F0091414B /* Encyclopedia.swift */,
				3A1DB18D2A1F079E0091414B /* EncyclopediaButton.swift */,
				3A1DB18F2A1F08CE0091414B /* SearchBar.swift */,
			);
			path = Encyclopedia;
			sourceTree = "<group>";
		};
		BEA7AAD42A0AC209007B0FAE /* Dental info */ = {
			isa = PBXGroup;
			children = (
				BEA7AAE12A0ADF58007B0FAE /* Component */,
				BEA7AAD72A0AC524007B0FAE /* HomeView.swift */,
				BEA7AB4B2A1EFE74007B0FAE /* DentalInfoPage.swift */,
			);
			path = "Dental info";
			sourceTree = "<group>";
		};
		BEA7AAE12A0ADF58007B0FAE /* Component */ = {
			isa = PBXGroup;
			children = (
			);
			path = Component;
			sourceTree = "<group>";
		};
		BEA7AAE62A0C92A2007B0FAE /* Profile */ = {
			isa = PBXGroup;
			children = (
				4AD7372729D534A500A54A26 /* UserInfoView.swift */,
				BEA7AABC2A09AF7B007B0FAE /* ProfileView.swift */,
				BEA7AAF82A11EB30007B0FAE /* ProfileSetUpView.swift */,
				BEA7AAE92A0C92CF007B0FAE /* SelfAssessmentView.swift */,
				BEA7AAFA2A11EC02007B0FAE /* UserInfo.swift */,
			);
			path = Profile;
			sourceTree = "<group>";
		};
		BEA7AAEB2A11C15E007B0FAE /* Component */ = {
			isa = PBXGroup;
			children = (
				BEA7AADF2A0AD60F007B0FAE /* FAQ.swift */,
				BEA7AADD2A0AD42C007B0FAE /* FAQbutton.swift */,
				BEA7AAE22A0AE5BA007B0FAE /* FAQpage.swift */,
				BEA7AAEC2A11C178007B0FAE /* PrimaryButton.swift */,
				BEA7AAEE2A11C88A007B0FAE /* ProgressBar.swift */,
				BEA7AAFC2A12ADC1007B0FAE /* LoginButton.swift */,
				BEA7AB492A1EFD71007B0FAE /* DentalInfoButton.swift */,
			);
			path = Component;
			sourceTree = "<group>";
		};
		BEA7AB042A12C1DD007B0FAE /* V1 */ = {
			isa = PBXGroup;
			children = (
				BEA7AAB52A09A06F007B0FAE /* SignInEmailView.swift */,
				BEA7AAB82A09A219007B0FAE /* AuthenticationManager.swift */,
			);
			path = V1;
			sourceTree = "<group>";
		};
		BEA7AB0F2A1711D3007B0FAE /* Assessment */ = {
			isa = PBXGroup;
			children = (
				BEA7AAF02A11CFAD007B0FAE /* Assessment.swift */,
				BEA7AAF42A11D607007B0FAE /* AssessmentAnswer.swift */,
				BEA7AB0B2A17087B007B0FAE /* SymptomAssessment.swift */,
				BEA7AAF22A11D154007B0FAE /* AssessmentManager.swift */,
				BEA7AAF62A11DAE0007B0FAE /* AssessmentAnswerRow.swift */,
				BEA7AB0D2A1711CA007B0FAE /* SymptomView.swift */,
			);
			path = Assessment;
			sourceTree = "<group>";
		};
		BEE0304029D2263000DE9929 /* Onboarding */ = {
			isa = PBXGroup;
			children = (
				BEE0304129D2266100DE9929 /* OnboardingItem.swift */,
				BEE0304529D2293100DE9929 /* OnboardingScreenView.swift */,
				BEE0304B29D22B3000DE9929 /* OnboardingViews.swift */,
				BEE0304D29D22CB800DE9929 /* OnboardingContent.plist */,
				BEE0304F29D22D7900DE9929 /* PlistManager.swift */,
				BEE0305529D233E200DE9929 /* OnboardingContentManager.swift */,
			);
			path = Onboarding;
			sourceTree = "<group>";
		};
/* End PBXGroup section */

/* Begin PBXNativeTarget section */
		BE02B58629B0189300CA5C84 /* Orofacial */ = {
			isa = PBXNativeTarget;
			buildConfigurationList = BE02B5AB29B0189400CA5C84 /* Build configuration list for PBXNativeTarget "Orofacial" */;
			buildPhases = (
				BE02B58329B0189300CA5C84 /* Sources */,
				BE02B58429B0189300CA5C84 /* Frameworks */,
				BE02B58529B0189300CA5C84 /* Resources */,
			);
			buildRules = (
			);
			dependencies = (
			);
			name = Orofacial;
			packageProductDependencies = (
				BEA7AAFF2A12B313007B0FAE /* GoogleSignIn */,
				BEA7AB012A12B313007B0FAE /* GoogleSignInSwift */,
				BEA7AB112A1BF5B7007B0FAE /* FirebaseAnalytics */,
				BEA7AB132A1BF5B7007B0FAE /* FirebaseAnalyticsOnDeviceConversion */,
				BEA7AB152A1BF5B7007B0FAE /* FirebaseAnalyticsSwift */,
				BEA7AB172A1BF5B7007B0FAE /* FirebaseAnalyticsWithoutAdIdSupport */,
				BEA7AB192A1BF5B7007B0FAE /* FirebaseAppCheck */,
				BEA7AB1B2A1BF5B7007B0FAE /* FirebaseAppDistribution-Beta */,
				BEA7AB1D2A1BF5B7007B0FAE /* FirebaseAuth */,
				BEA7AB1F2A1BF5B7007B0FAE /* FirebaseAuthCombine-Community */,
				BEA7AB212A1BF5B7007B0FAE /* FirebaseCrashlytics */,
				BEA7AB232A1BF5B7007B0FAE /* FirebaseDatabase */,
				BEA7AB252A1BF5B7007B0FAE /* FirebaseDatabaseSwift */,
				BEA7AB272A1BF5B7007B0FAE /* FirebaseDynamicLinks */,
				BEA7AB292A1BF5B7007B0FAE /* FirebaseFirestore */,
				BEA7AB2B2A1BF5B7007B0FAE /* FirebaseFirestoreCombine-Community */,
				BEA7AB2D2A1BF5B7007B0FAE /* FirebaseFirestoreSwift */,
				BEA7AB2F2A1BF5B7007B0FAE /* FirebaseFunctions */,
				BEA7AB312A1BF5B7007B0FAE /* FirebaseFunctionsCombine-Community */,
				BEA7AB332A1BF5B7007B0FAE /* FirebaseInAppMessaging-Beta */,
				BEA7AB352A1BF5B7007B0FAE /* FirebaseInAppMessagingSwift-Beta */,
				BEA7AB372A1BF5B7007B0FAE /* FirebaseInstallations */,
				BEA7AB392A1BF5B7007B0FAE /* FirebaseMLModelDownloader */,
				BEA7AB3B2A1BF5B7007B0FAE /* FirebaseMessaging */,
				BEA7AB3D2A1BF5B7007B0FAE /* FirebasePerformance */,
				BEA7AB3F2A1BF5B7007B0FAE /* FirebaseRemoteConfig */,
				BEA7AB412A1BF5B7007B0FAE /* FirebaseRemoteConfigSwift */,
				BEA7AB432A1BF5B7007B0FAE /* FirebaseStorage */,
				BEA7AB452A1BF5B7007B0FAE /* FirebaseStorageCombine-Community */,
			);
			productName = Orofacial;
			productReference = BE02B58729B0189300CA5C84 /* Orofacial.app */;
			productType = "com.apple.product-type.application";
		};
		BE02B59629B0189400CA5C84 /* OrofacialTests */ = {
			isa = PBXNativeTarget;
			buildConfigurationList = BE02B5AE29B0189400CA5C84 /* Build configuration list for PBXNativeTarget "OrofacialTests" */;
			buildPhases = (
				BE02B59329B0189400CA5C84 /* Sources */,
				BE02B59429B0189400CA5C84 /* Frameworks */,
				BE02B59529B0189400CA5C84 /* Resources */,
			);
			buildRules = (
			);
			dependencies = (
				BE02B59929B0189400CA5C84 /* PBXTargetDependency */,
			);
			name = OrofacialTests;
			productName = OrofacialTests;
			productReference = BE02B59729B0189400CA5C84 /* OrofacialTests.xctest */;
			productType = "com.apple.product-type.bundle.unit-test";
		};
		BE02B5A029B0189400CA5C84 /* OrofacialUITests */ = {
			isa = PBXNativeTarget;
			buildConfigurationList = BE02B5B129B0189400CA5C84 /* Build configuration list for PBXNativeTarget "OrofacialUITests" */;
			buildPhases = (
				BE02B59D29B0189400CA5C84 /* Sources */,
				BE02B59E29B0189400CA5C84 /* Frameworks */,
				BE02B59F29B0189400CA5C84 /* Resources */,
			);
			buildRules = (
			);
			dependencies = (
				BE02B5A329B0189400CA5C84 /* PBXTargetDependency */,
			);
			name = OrofacialUITests;
			productName = OrofacialUITests;
			productReference = BE02B5A129B0189400CA5C84 /* OrofacialUITests.xctest */;
			productType = "com.apple.product-type.bundle.ui-testing";
		};
/* End PBXNativeTarget section */

/* Begin PBXProject section */
		BE02B57F29B0189300CA5C84 /* Project object */ = {
			isa = PBXProject;
			attributes = {
				BuildIndependentTargetsInParallel = 1;
				LastSwiftUpdateCheck = 1420;
				LastUpgradeCheck = 1420;
				TargetAttributes = {
					BE02B58629B0189300CA5C84 = {
						CreatedOnToolsVersion = 14.2;
					};
					BE02B59629B0189400CA5C84 = {
						CreatedOnToolsVersion = 14.2;
						TestTargetID = BE02B58629B0189300CA5C84;
					};
					BE02B5A029B0189400CA5C84 = {
						CreatedOnToolsVersion = 14.2;
						TestTargetID = BE02B58629B0189300CA5C84;
					};
				};
			};
			buildConfigurationList = BE02B58229B0189300CA5C84 /* Build configuration list for PBXProject "Orofacial" */;
			compatibilityVersion = "Xcode 14.0";
			developmentRegion = en;
			hasScannedForEncodings = 0;
			knownRegions = (
				en,
				Base,
			);
			mainGroup = BE02B57E29B0189300CA5C84;
			packageReferences = (
				BEA7AAFE2A12B313007B0FAE /* XCRemoteSwiftPackageReference "GoogleSignIn-iOS" */,
				BEA7AB102A1BF5B6007B0FAE /* XCRemoteSwiftPackageReference "firebase-ios-sdk" */,
			);
			productRefGroup = BE02B58829B0189300CA5C84 /* Products */;
			projectDirPath = "";
			projectRoot = "";
			targets = (
				BE02B58629B0189300CA5C84 /* Orofacial */,
				BE02B59629B0189400CA5C84 /* OrofacialTests */,
				BE02B5A029B0189400CA5C84 /* OrofacialUITests */,
			);
		};
/* End PBXProject section */

/* Begin PBXResourcesBuildPhase section */
		BE02B58529B0189300CA5C84 /* Resources */ = {
			isa = PBXResourcesBuildPhase;
			buildActionMask = 2147483647;
			files = (
				BE02B59229B0189400CA5C84 /* Preview Assets.xcassets in Resources */,
				3A67BD4729D61B2B00296FCE /* GoogleService-Info.plist in Resources */,
				BEE0304E29D22CB800DE9929 /* OnboardingContent.plist in Resources */,
				BE02B58F29B0189400CA5C84 /* Assets.xcassets in Resources */,
			);
			runOnlyForDeploymentPostprocessing = 0;
		};
		BE02B59529B0189400CA5C84 /* Resources */ = {
			isa = PBXResourcesBuildPhase;
			buildActionMask = 2147483647;
			files = (
			);
			runOnlyForDeploymentPostprocessing = 0;
		};
		BE02B59F29B0189400CA5C84 /* Resources */ = {
			isa = PBXResourcesBuildPhase;
			buildActionMask = 2147483647;
			files = (
			);
			runOnlyForDeploymentPostprocessing = 0;
		};
/* End PBXResourcesBuildPhase section */

/* Begin PBXSourcesBuildPhase section */
		BE02B58329B0189300CA5C84 /* Sources */ = {
			isa = PBXSourcesBuildPhase;
			buildActionMask = 2147483647;
			files = (
				BEA7AB0E2A1711CA007B0FAE /* SymptomView.swift in Sources */,
				BEA7AAEA2A0C92CF007B0FAE /* SelfAssessmentView.swift in Sources */,
				BEA7AADE2A0AD42C007B0FAE /* FAQbutton.swift in Sources */,
				BEA7AAE52A0AF3A1007B0FAE /* EncyclopediaPage.swift in Sources */,
				BEE0305029D22D7900DE9929 /* PlistManager.swift in Sources */,
				BEA7AAD32A09F85D007B0FAE /* UserViewModel.swift in Sources */,
				BEA7AB4A2A1EFD71007B0FAE /* DentalInfoButton.swift in Sources */,
				BEA7AB082A12C369007B0FAE /* LoginManager.swift in Sources */,
				BE40818829C972F00058C97B /* LoginView.swift in Sources */,
				BEE0304C29D22B3000DE9929 /* OnboardingViews.swift in Sources */,
				BEA7AAF52A11D607007B0FAE /* AssessmentAnswer.swift in Sources */,
				BEA7AAC22A09B035007B0FAE /* SettingsView.swift in Sources */,
				BEA7AAF72A11DAE0007B0FAE /* AssessmentAnswerRow.swift in Sources */,
				BEA7AAB92A09A219007B0FAE /* AuthenticationManager.swift in Sources */,
				BEA7AAF12A11CFAD007B0FAE /* Assessment.swift in Sources */,
				BEA7AAE02A0AD60F007B0FAE /* FAQ.swift in Sources */,
				BEA7AB0C2A17087B007B0FAE /* SymptomAssessment.swift in Sources */,
				4AD7372829D534A500A54A26 /* UserInfoView.swift in Sources */,
				BEA7AAC42A09B449007B0FAE /* RootView.swift in Sources */,
				BEA7AAB42A099F35007B0FAE /* AuthenticationView.swift in Sources */,
				BEE0304629D2293100DE9929 /* OnboardingScreenView.swift in Sources */,
				BE40818629C970400058C97B /* CircleGroupView.swift in Sources */,
				3A1DB18C2A1F038F0091414B /* Encyclopedia.swift in Sources */,
				BEA7AAF92A11EB30007B0FAE /* ProfileSetUpView.swift in Sources */,
				BEA7AAEF2A11C88A007B0FAE /* ProgressBar.swift in Sources */,
				BEA7AB4C2A1EFE74007B0FAE /* DentalInfoPage.swift in Sources */,
				BEA7AABF2A09AFC4007B0FAE /* EncyclopediaView.swift in Sources */,
				BEA7AADA2A0AC572007B0FAE /* MainView.swift in Sources */,
				BEA7AAE32A0AE5BA007B0FAE /* FAQpage.swift in Sources */,
				BEA7AAED2A11C178007B0FAE /* PrimaryButton.swift in Sources */,
				BEA7AABD2A09AF7B007B0FAE /* ProfileView.swift in Sources */,
				BEE0305629D233E200DE9929 /* OnboardingContentManager.swift in Sources */,
				BE40818229C958170058C97B /* OnboardingView.swift in Sources */,
				3A1DB18E2A1F079E0091414B /* EncyclopediaButton.swift in Sources */,
				BEE0304229D2266100DE9929 /* OnboardingItem.swift in Sources */,
				BE02B58D29B0189300CA5C84 /* ContentView.swift in Sources */,
				3A1DB1902A1F08CE0091414B /* SearchBar.swift in Sources */,
				BE02B58B29B0189300CA5C84 /* OrofacialApp.swift in Sources */,
				BEA7AAFD2A12ADC1007B0FAE /* LoginButton.swift in Sources */,
				BEA7AAD82A0AC524007B0FAE /* HomeView.swift in Sources */,
				BEA7AAB62A09A06F007B0FAE /* SignInEmailView.swift in Sources */,
				BEA7AAFB2A11EC02007B0FAE /* UserInfo.swift in Sources */,
				BEA7AAF32A11D154007B0FAE /* AssessmentManager.swift in Sources */,
			);
			runOnlyForDeploymentPostprocessing = 0;
		};
		BE02B59329B0189400CA5C84 /* Sources */ = {
			isa = PBXSourcesBuildPhase;
			buildActionMask = 2147483647;
			files = (
				BE02B59C29B0189400CA5C84 /* OrofacialTests.swift in Sources */,
			);
			runOnlyForDeploymentPostprocessing = 0;
		};
		BE02B59D29B0189400CA5C84 /* Sources */ = {
			isa = PBXSourcesBuildPhase;
			buildActionMask = 2147483647;
			files = (
				BE02B5A629B0189400CA5C84 /* OrofacialUITests.swift in Sources */,
				BE02B5A829B0189400CA5C84 /* OrofacialUITestsLaunchTests.swift in Sources */,
			);
			runOnlyForDeploymentPostprocessing = 0;
		};
/* End PBXSourcesBuildPhase section */

/* Begin PBXTargetDependency section */
		BE02B59929B0189400CA5C84 /* PBXTargetDependency */ = {
			isa = PBXTargetDependency;
			target = BE02B58629B0189300CA5C84 /* Orofacial */;
			targetProxy = BE02B59829B0189400CA5C84 /* PBXContainerItemProxy */;
		};
		BE02B5A329B0189400CA5C84 /* PBXTargetDependency */ = {
			isa = PBXTargetDependency;
			target = BE02B58629B0189300CA5C84 /* Orofacial */;
			targetProxy = BE02B5A229B0189400CA5C84 /* PBXContainerItemProxy */;
		};
/* End PBXTargetDependency section */

/* Begin XCBuildConfiguration section */
		BE02B5A929B0189400CA5C84 /* Debug */ = {
			isa = XCBuildConfiguration;
			buildSettings = {
				ALWAYS_SEARCH_USER_PATHS = NO;
				CLANG_ANALYZER_NONNULL = YES;
				CLANG_ANALYZER_NUMBER_OBJECT_CONVERSION = YES_AGGRESSIVE;
				CLANG_CXX_LANGUAGE_STANDARD = "gnu++20";
				CLANG_ENABLE_MODULES = YES;
				CLANG_ENABLE_OBJC_ARC = YES;
				CLANG_ENABLE_OBJC_WEAK = YES;
				CLANG_WARN_BLOCK_CAPTURE_AUTORELEASING = YES;
				CLANG_WARN_BOOL_CONVERSION = YES;
				CLANG_WARN_COMMA = YES;
				CLANG_WARN_CONSTANT_CONVERSION = YES;
				CLANG_WARN_DEPRECATED_OBJC_IMPLEMENTATIONS = YES;
				CLANG_WARN_DIRECT_OBJC_ISA_USAGE = YES_ERROR;
				CLANG_WARN_DOCUMENTATION_COMMENTS = YES;
				CLANG_WARN_EMPTY_BODY = YES;
				CLANG_WARN_ENUM_CONVERSION = YES;
				CLANG_WARN_INFINITE_RECURSION = YES;
				CLANG_WARN_INT_CONVERSION = YES;
				CLANG_WARN_NON_LITERAL_NULL_CONVERSION = YES;
				CLANG_WARN_OBJC_IMPLICIT_RETAIN_SELF = YES;
				CLANG_WARN_OBJC_LITERAL_CONVERSION = YES;
				CLANG_WARN_OBJC_ROOT_CLASS = YES_ERROR;
				CLANG_WARN_QUOTED_INCLUDE_IN_FRAMEWORK_HEADER = YES;
				CLANG_WARN_RANGE_LOOP_ANALYSIS = YES;
				CLANG_WARN_STRICT_PROTOTYPES = YES;
				CLANG_WARN_SUSPICIOUS_MOVE = YES;
				CLANG_WARN_UNGUARDED_AVAILABILITY = YES_AGGRESSIVE;
				CLANG_WARN_UNREACHABLE_CODE = YES;
				CLANG_WARN__DUPLICATE_METHOD_MATCH = YES;
				COPY_PHASE_STRIP = NO;
				DEBUG_INFORMATION_FORMAT = dwarf;
				ENABLE_STRICT_OBJC_MSGSEND = YES;
				ENABLE_TESTABILITY = YES;
				GCC_C_LANGUAGE_STANDARD = gnu11;
				GCC_DYNAMIC_NO_PIC = NO;
				GCC_NO_COMMON_BLOCKS = YES;
				GCC_OPTIMIZATION_LEVEL = 0;
				GCC_PREPROCESSOR_DEFINITIONS = (
					"DEBUG=1",
					"$(inherited)",
				);
				GCC_WARN_64_TO_32_BIT_CONVERSION = YES;
				GCC_WARN_ABOUT_RETURN_TYPE = YES_ERROR;
				GCC_WARN_UNDECLARED_SELECTOR = YES;
				GCC_WARN_UNINITIALIZED_AUTOS = YES_AGGRESSIVE;
				GCC_WARN_UNUSED_FUNCTION = YES;
				GCC_WARN_UNUSED_VARIABLE = YES;
				IPHONEOS_DEPLOYMENT_TARGET = 16.2;
				MTL_ENABLE_DEBUG_INFO = INCLUDE_SOURCE;
				MTL_FAST_MATH = YES;
				ONLY_ACTIVE_ARCH = YES;
				SDKROOT = iphoneos;
				SWIFT_ACTIVE_COMPILATION_CONDITIONS = DEBUG;
				SWIFT_OPTIMIZATION_LEVEL = "-Onone";
			};
			name = Debug;
		};
		BE02B5AA29B0189400CA5C84 /* Release */ = {
			isa = XCBuildConfiguration;
			buildSettings = {
				ALWAYS_SEARCH_USER_PATHS = NO;
				CLANG_ANALYZER_NONNULL = YES;
				CLANG_ANALYZER_NUMBER_OBJECT_CONVERSION = YES_AGGRESSIVE;
				CLANG_CXX_LANGUAGE_STANDARD = "gnu++20";
				CLANG_ENABLE_MODULES = YES;
				CLANG_ENABLE_OBJC_ARC = YES;
				CLANG_ENABLE_OBJC_WEAK = YES;
				CLANG_WARN_BLOCK_CAPTURE_AUTORELEASING = YES;
				CLANG_WARN_BOOL_CONVERSION = YES;
				CLANG_WARN_COMMA = YES;
				CLANG_WARN_CONSTANT_CONVERSION = YES;
				CLANG_WARN_DEPRECATED_OBJC_IMPLEMENTATIONS = YES;
				CLANG_WARN_DIRECT_OBJC_ISA_USAGE = YES_ERROR;
				CLANG_WARN_DOCUMENTATION_COMMENTS = YES;
				CLANG_WARN_EMPTY_BODY = YES;
				CLANG_WARN_ENUM_CONVERSION = YES;
				CLANG_WARN_INFINITE_RECURSION = YES;
				CLANG_WARN_INT_CONVERSION = YES;
				CLANG_WARN_NON_LITERAL_NULL_CONVERSION = YES;
				CLANG_WARN_OBJC_IMPLICIT_RETAIN_SELF = YES;
				CLANG_WARN_OBJC_LITERAL_CONVERSION = YES;
				CLANG_WARN_OBJC_ROOT_CLASS = YES_ERROR;
				CLANG_WARN_QUOTED_INCLUDE_IN_FRAMEWORK_HEADER = YES;
				CLANG_WARN_RANGE_LOOP_ANALYSIS = YES;
				CLANG_WARN_STRICT_PROTOTYPES = YES;
				CLANG_WARN_SUSPICIOUS_MOVE = YES;
				CLANG_WARN_UNGUARDED_AVAILABILITY = YES_AGGRESSIVE;
				CLANG_WARN_UNREACHABLE_CODE = YES;
				CLANG_WARN__DUPLICATE_METHOD_MATCH = YES;
				COPY_PHASE_STRIP = NO;
				DEBUG_INFORMATION_FORMAT = "dwarf-with-dsym";
				ENABLE_NS_ASSERTIONS = NO;
				ENABLE_STRICT_OBJC_MSGSEND = YES;
				GCC_C_LANGUAGE_STANDARD = gnu11;
				GCC_NO_COMMON_BLOCKS = YES;
				GCC_WARN_64_TO_32_BIT_CONVERSION = YES;
				GCC_WARN_ABOUT_RETURN_TYPE = YES_ERROR;
				GCC_WARN_UNDECLARED_SELECTOR = YES;
				GCC_WARN_UNINITIALIZED_AUTOS = YES_AGGRESSIVE;
				GCC_WARN_UNUSED_FUNCTION = YES;
				GCC_WARN_UNUSED_VARIABLE = YES;
				IPHONEOS_DEPLOYMENT_TARGET = 16.2;
				MTL_ENABLE_DEBUG_INFO = NO;
				MTL_FAST_MATH = YES;
				SDKROOT = iphoneos;
				SWIFT_COMPILATION_MODE = wholemodule;
				SWIFT_OPTIMIZATION_LEVEL = "-O";
				VALIDATE_PRODUCT = YES;
			};
			name = Release;
		};
		BE02B5AC29B0189400CA5C84 /* Debug */ = {
			isa = XCBuildConfiguration;
			buildSettings = {
				ASSETCATALOG_COMPILER_APPICON_NAME = AppIcon;
				ASSETCATALOG_COMPILER_GLOBAL_ACCENT_COLOR_NAME = AccentColor;
				CODE_SIGN_STYLE = Automatic;
				CURRENT_PROJECT_VERSION = 1;
				DEVELOPMENT_ASSET_PATHS = "\"Orofacial/Preview Content\"";
				ENABLE_PREVIEWS = YES;
				GENERATE_INFOPLIST_FILE = YES;
				INFOPLIST_FILE = Orofacial/Info.plist;
				INFOPLIST_KEY_NSFaceIDUsageDescription = "Allow FaceID to log into the app";
				INFOPLIST_KEY_UIApplicationSceneManifest_Generation = YES;
				INFOPLIST_KEY_UIApplicationSupportsIndirectInputEvents = YES;
				INFOPLIST_KEY_UILaunchScreen_Generation = YES;
				INFOPLIST_KEY_UISupportedInterfaceOrientations_iPad = "UIInterfaceOrientationPortrait UIInterfaceOrientationPortraitUpsideDown UIInterfaceOrientationLandscapeLeft UIInterfaceOrientationLandscapeRight";
				INFOPLIST_KEY_UISupportedInterfaceOrientations_iPhone = "UIInterfaceOrientationPortrait UIInterfaceOrientationLandscapeLeft UIInterfaceOrientationLandscapeRight";
				LD_RUNPATH_SEARCH_PATHS = (
					"$(inherited)",
					"@executable_path/Frameworks",
				);
				MARKETING_VERSION = 1.0;
				PRODUCT_BUNDLE_IDENTIFIER = com.AKCSE.Orofacial;
				PRODUCT_NAME = "$(TARGET_NAME)";
				SWIFT_EMIT_LOC_STRINGS = YES;
				SWIFT_VERSION = 5.0;
				TARGETED_DEVICE_FAMILY = "1,2";
			};
			name = Debug;
		};
		BE02B5AD29B0189400CA5C84 /* Release */ = {
			isa = XCBuildConfiguration;
			buildSettings = {
				ASSETCATALOG_COMPILER_APPICON_NAME = AppIcon;
				ASSETCATALOG_COMPILER_GLOBAL_ACCENT_COLOR_NAME = AccentColor;
				CODE_SIGN_STYLE = Automatic;
				CURRENT_PROJECT_VERSION = 1;
				DEVELOPMENT_ASSET_PATHS = "\"Orofacial/Preview Content\"";
				ENABLE_PREVIEWS = YES;
				GENERATE_INFOPLIST_FILE = YES;
				INFOPLIST_FILE = Orofacial/Info.plist;
				INFOPLIST_KEY_NSFaceIDUsageDescription = "Allow FaceID to log into the app";
				INFOPLIST_KEY_UIApplicationSceneManifest_Generation = YES;
				INFOPLIST_KEY_UIApplicationSupportsIndirectInputEvents = YES;
				INFOPLIST_KEY_UILaunchScreen_Generation = YES;
				INFOPLIST_KEY_UISupportedInterfaceOrientations_iPad = "UIInterfaceOrientationPortrait UIInterfaceOrientationPortraitUpsideDown UIInterfaceOrientationLandscapeLeft UIInterfaceOrientationLandscapeRight";
				INFOPLIST_KEY_UISupportedInterfaceOrientations_iPhone = "UIInterfaceOrientationPortrait UIInterfaceOrientationLandscapeLeft UIInterfaceOrientationLandscapeRight";
				LD_RUNPATH_SEARCH_PATHS = (
					"$(inherited)",
					"@executable_path/Frameworks",
				);
				MARKETING_VERSION = 1.0;
				PRODUCT_BUNDLE_IDENTIFIER = com.AKCSE.Orofacial;
				PRODUCT_NAME = "$(TARGET_NAME)";
				SWIFT_EMIT_LOC_STRINGS = YES;
				SWIFT_VERSION = 5.0;
				TARGETED_DEVICE_FAMILY = "1,2";
			};
			name = Release;
		};
		BE02B5AF29B0189400CA5C84 /* Debug */ = {
			isa = XCBuildConfiguration;
			buildSettings = {
				ALWAYS_EMBED_SWIFT_STANDARD_LIBRARIES = YES;
				BUNDLE_LOADER = "$(TEST_HOST)";
				CODE_SIGN_STYLE = Automatic;
				CURRENT_PROJECT_VERSION = 1;
				GENERATE_INFOPLIST_FILE = YES;
				IPHONEOS_DEPLOYMENT_TARGET = 16.2;
				MARKETING_VERSION = 1.0;
				PRODUCT_BUNDLE_IDENTIFIER = com.AKCSE.OrofacialTests;
				PRODUCT_NAME = "$(TARGET_NAME)";
				SWIFT_EMIT_LOC_STRINGS = NO;
				SWIFT_VERSION = 5.0;
				TARGETED_DEVICE_FAMILY = "1,2";
				TEST_HOST = "$(BUILT_PRODUCTS_DIR)/Orofacial.app/$(BUNDLE_EXECUTABLE_FOLDER_PATH)/Orofacial";
			};
			name = Debug;
		};
		BE02B5B029B0189400CA5C84 /* Release */ = {
			isa = XCBuildConfiguration;
			buildSettings = {
				ALWAYS_EMBED_SWIFT_STANDARD_LIBRARIES = YES;
				BUNDLE_LOADER = "$(TEST_HOST)";
				CODE_SIGN_STYLE = Automatic;
				CURRENT_PROJECT_VERSION = 1;
				GENERATE_INFOPLIST_FILE = YES;
				IPHONEOS_DEPLOYMENT_TARGET = 16.2;
				MARKETING_VERSION = 1.0;
				PRODUCT_BUNDLE_IDENTIFIER = com.AKCSE.OrofacialTests;
				PRODUCT_NAME = "$(TARGET_NAME)";
				SWIFT_EMIT_LOC_STRINGS = NO;
				SWIFT_VERSION = 5.0;
				TARGETED_DEVICE_FAMILY = "1,2";
				TEST_HOST = "$(BUILT_PRODUCTS_DIR)/Orofacial.app/$(BUNDLE_EXECUTABLE_FOLDER_PATH)/Orofacial";
			};
			name = Release;
		};
		BE02B5B229B0189400CA5C84 /* Debug */ = {
			isa = XCBuildConfiguration;
			buildSettings = {
				ALWAYS_EMBED_SWIFT_STANDARD_LIBRARIES = YES;
				CODE_SIGN_STYLE = Automatic;
				CURRENT_PROJECT_VERSION = 1;
				GENERATE_INFOPLIST_FILE = YES;
				MARKETING_VERSION = 1.0;
				PRODUCT_BUNDLE_IDENTIFIER = com.AKCSE.OrofacialUITests;
				PRODUCT_NAME = "$(TARGET_NAME)";
				SWIFT_EMIT_LOC_STRINGS = NO;
				SWIFT_VERSION = 5.0;
				TARGETED_DEVICE_FAMILY = "1,2";
				TEST_TARGET_NAME = Orofacial;
			};
			name = Debug;
		};
		BE02B5B329B0189400CA5C84 /* Release */ = {
			isa = XCBuildConfiguration;
			buildSettings = {
				ALWAYS_EMBED_SWIFT_STANDARD_LIBRARIES = YES;
				CODE_SIGN_STYLE = Automatic;
				CURRENT_PROJECT_VERSION = 1;
				GENERATE_INFOPLIST_FILE = YES;
				MARKETING_VERSION = 1.0;
				PRODUCT_BUNDLE_IDENTIFIER = com.AKCSE.OrofacialUITests;
				PRODUCT_NAME = "$(TARGET_NAME)";
				SWIFT_EMIT_LOC_STRINGS = NO;
				SWIFT_VERSION = 5.0;
				TARGETED_DEVICE_FAMILY = "1,2";
				TEST_TARGET_NAME = Orofacial;
			};
			name = Release;
		};
/* End XCBuildConfiguration section */

/* Begin XCConfigurationList section */
		BE02B58229B0189300CA5C84 /* Build configuration list for PBXProject "Orofacial" */ = {
			isa = XCConfigurationList;
			buildConfigurations = (
				BE02B5A929B0189400CA5C84 /* Debug */,
				BE02B5AA29B0189400CA5C84 /* Release */,
			);
			defaultConfigurationIsVisible = 0;
			defaultConfigurationName = Release;
		};
		BE02B5AB29B0189400CA5C84 /* Build configuration list for PBXNativeTarget "Orofacial" */ = {
			isa = XCConfigurationList;
			buildConfigurations = (
				BE02B5AC29B0189400CA5C84 /* Debug */,
				BE02B5AD29B0189400CA5C84 /* Release */,
			);
			defaultConfigurationIsVisible = 0;
			defaultConfigurationName = Release;
		};
		BE02B5AE29B0189400CA5C84 /* Build configuration list for PBXNativeTarget "OrofacialTests" */ = {
			isa = XCConfigurationList;
			buildConfigurations = (
				BE02B5AF29B0189400CA5C84 /* Debug */,
				BE02B5B029B0189400CA5C84 /* Release */,
			);
			defaultConfigurationIsVisible = 0;
			defaultConfigurationName = Release;
		};
		BE02B5B129B0189400CA5C84 /* Build configuration list for PBXNativeTarget "OrofacialUITests" */ = {
			isa = XCConfigurationList;
			buildConfigurations = (
				BE02B5B229B0189400CA5C84 /* Debug */,
				BE02B5B329B0189400CA5C84 /* Release */,
			);
			defaultConfigurationIsVisible = 0;
			defaultConfigurationName = Release;
		};
/* End XCConfigurationList section */

/* Begin XCRemoteSwiftPackageReference section */
		BEA7AAFE2A12B313007B0FAE /* XCRemoteSwiftPackageReference "GoogleSignIn-iOS" */ = {
			isa = XCRemoteSwiftPackageReference;
			repositoryURL = "https://github.com/google/GoogleSignIn-iOS.git";
			requirement = {
				kind = upToNextMajorVersion;
				minimumVersion = 7.0.0;
			};
		};
		BEA7AB102A1BF5B6007B0FAE /* XCRemoteSwiftPackageReference "firebase-ios-sdk" */ = {
			isa = XCRemoteSwiftPackageReference;
			repositoryURL = "https://github.com/firebase/firebase-ios-sdk";
			requirement = {
				kind = upToNextMajorVersion;
				minimumVersion = 10.0.0;
			};
		};
/* End XCRemoteSwiftPackageReference section */

/* Begin XCSwiftPackageProductDependency section */
		BEA7AAFF2A12B313007B0FAE /* GoogleSignIn */ = {
			isa = XCSwiftPackageProductDependency;
			package = BEA7AAFE2A12B313007B0FAE /* XCRemoteSwiftPackageReference "GoogleSignIn-iOS" */;
			productName = GoogleSignIn;
		};
		BEA7AB012A12B313007B0FAE /* GoogleSignInSwift */ = {
			isa = XCSwiftPackageProductDependency;
			package = BEA7AAFE2A12B313007B0FAE /* XCRemoteSwiftPackageReference "GoogleSignIn-iOS" */;
			productName = GoogleSignInSwift;
		};
		BEA7AB112A1BF5B7007B0FAE /* FirebaseAnalytics */ = {
			isa = XCSwiftPackageProductDependency;
			package = BEA7AB102A1BF5B6007B0FAE /* XCRemoteSwiftPackageReference "firebase-ios-sdk" */;
			productName = FirebaseAnalytics;
		};
		BEA7AB132A1BF5B7007B0FAE /* FirebaseAnalyticsOnDeviceConversion */ = {
			isa = XCSwiftPackageProductDependency;
			package = BEA7AB102A1BF5B6007B0FAE /* XCRemoteSwiftPackageReference "firebase-ios-sdk" */;
			productName = FirebaseAnalyticsOnDeviceConversion;
		};
		BEA7AB152A1BF5B7007B0FAE /* FirebaseAnalyticsSwift */ = {
			isa = XCSwiftPackageProductDependency;
			package = BEA7AB102A1BF5B6007B0FAE /* XCRemoteSwiftPackageReference "firebase-ios-sdk" */;
			productName = FirebaseAnalyticsSwift;
		};
		BEA7AB172A1BF5B7007B0FAE /* FirebaseAnalyticsWithoutAdIdSupport */ = {
			isa = XCSwiftPackageProductDependency;
			package = BEA7AB102A1BF5B6007B0FAE /* XCRemoteSwiftPackageReference "firebase-ios-sdk" */;
			productName = FirebaseAnalyticsWithoutAdIdSupport;
		};
		BEA7AB192A1BF5B7007B0FAE /* FirebaseAppCheck */ = {
			isa = XCSwiftPackageProductDependency;
			package = BEA7AB102A1BF5B6007B0FAE /* XCRemoteSwiftPackageReference "firebase-ios-sdk" */;
			productName = FirebaseAppCheck;
		};
		BEA7AB1B2A1BF5B7007B0FAE /* FirebaseAppDistribution-Beta */ = {
			isa = XCSwiftPackageProductDependency;
			package = BEA7AB102A1BF5B6007B0FAE /* XCRemoteSwiftPackageReference "firebase-ios-sdk" */;
			productName = "FirebaseAppDistribution-Beta";
		};
		BEA7AB1D2A1BF5B7007B0FAE /* FirebaseAuth */ = {
			isa = XCSwiftPackageProductDependency;
			package = BEA7AB102A1BF5B6007B0FAE /* XCRemoteSwiftPackageReference "firebase-ios-sdk" */;
			productName = FirebaseAuth;
		};
		BEA7AB1F2A1BF5B7007B0FAE /* FirebaseAuthCombine-Community */ = {
			isa = XCSwiftPackageProductDependency;
			package = BEA7AB102A1BF5B6007B0FAE /* XCRemoteSwiftPackageReference "firebase-ios-sdk" */;
			productName = "FirebaseAuthCombine-Community";
		};
		BEA7AB212A1BF5B7007B0FAE /* FirebaseCrashlytics */ = {
			isa = XCSwiftPackageProductDependency;
			package = BEA7AB102A1BF5B6007B0FAE /* XCRemoteSwiftPackageReference "firebase-ios-sdk" */;
			productName = FirebaseCrashlytics;
		};
		BEA7AB232A1BF5B7007B0FAE /* FirebaseDatabase */ = {
			isa = XCSwiftPackageProductDependency;
			package = BEA7AB102A1BF5B6007B0FAE /* XCRemoteSwiftPackageReference "firebase-ios-sdk" */;
			productName = FirebaseDatabase;
		};
		BEA7AB252A1BF5B7007B0FAE /* FirebaseDatabaseSwift */ = {
			isa = XCSwiftPackageProductDependency;
			package = BEA7AB102A1BF5B6007B0FAE /* XCRemoteSwiftPackageReference "firebase-ios-sdk" */;
			productName = FirebaseDatabaseSwift;
		};
		BEA7AB272A1BF5B7007B0FAE /* FirebaseDynamicLinks */ = {
			isa = XCSwiftPackageProductDependency;
			package = BEA7AB102A1BF5B6007B0FAE /* XCRemoteSwiftPackageReference "firebase-ios-sdk" */;
			productName = FirebaseDynamicLinks;
		};
		BEA7AB292A1BF5B7007B0FAE /* FirebaseFirestore */ = {
			isa = XCSwiftPackageProductDependency;
			package = BEA7AB102A1BF5B6007B0FAE /* XCRemoteSwiftPackageReference "firebase-ios-sdk" */;
			productName = FirebaseFirestore;
		};
		BEA7AB2B2A1BF5B7007B0FAE /* FirebaseFirestoreCombine-Community */ = {
			isa = XCSwiftPackageProductDependency;
			package = BEA7AB102A1BF5B6007B0FAE /* XCRemoteSwiftPackageReference "firebase-ios-sdk" */;
			productName = "FirebaseFirestoreCombine-Community";
		};
		BEA7AB2D2A1BF5B7007B0FAE /* FirebaseFirestoreSwift */ = {
			isa = XCSwiftPackageProductDependency;
			package = BEA7AB102A1BF5B6007B0FAE /* XCRemoteSwiftPackageReference "firebase-ios-sdk" */;
			productName = FirebaseFirestoreSwift;
		};
		BEA7AB2F2A1BF5B7007B0FAE /* FirebaseFunctions */ = {
			isa = XCSwiftPackageProductDependency;
			package = BEA7AB102A1BF5B6007B0FAE /* XCRemoteSwiftPackageReference "firebase-ios-sdk" */;
			productName = FirebaseFunctions;
		};
		BEA7AB312A1BF5B7007B0FAE /* FirebaseFunctionsCombine-Community */ = {
			isa = XCSwiftPackageProductDependency;
			package = BEA7AB102A1BF5B6007B0FAE /* XCRemoteSwiftPackageReference "firebase-ios-sdk" */;
			productName = "FirebaseFunctionsCombine-Community";
		};
		BEA7AB332A1BF5B7007B0FAE /* FirebaseInAppMessaging-Beta */ = {
			isa = XCSwiftPackageProductDependency;
			package = BEA7AB102A1BF5B6007B0FAE /* XCRemoteSwiftPackageReference "firebase-ios-sdk" */;
			productName = "FirebaseInAppMessaging-Beta";
		};
		BEA7AB352A1BF5B7007B0FAE /* FirebaseInAppMessagingSwift-Beta */ = {
			isa = XCSwiftPackageProductDependency;
			package = BEA7AB102A1BF5B6007B0FAE /* XCRemoteSwiftPackageReference "firebase-ios-sdk" */;
			productName = "FirebaseInAppMessagingSwift-Beta";
		};
		BEA7AB372A1BF5B7007B0FAE /* FirebaseInstallations */ = {
			isa = XCSwiftPackageProductDependency;
			package = BEA7AB102A1BF5B6007B0FAE /* XCRemoteSwiftPackageReference "firebase-ios-sdk" */;
			productName = FirebaseInstallations;
		};
		BEA7AB392A1BF5B7007B0FAE /* FirebaseMLModelDownloader */ = {
			isa = XCSwiftPackageProductDependency;
			package = BEA7AB102A1BF5B6007B0FAE /* XCRemoteSwiftPackageReference "firebase-ios-sdk" */;
			productName = FirebaseMLModelDownloader;
		};
		BEA7AB3B2A1BF5B7007B0FAE /* FirebaseMessaging */ = {
			isa = XCSwiftPackageProductDependency;
			package = BEA7AB102A1BF5B6007B0FAE /* XCRemoteSwiftPackageReference "firebase-ios-sdk" */;
			productName = FirebaseMessaging;
		};
		BEA7AB3D2A1BF5B7007B0FAE /* FirebasePerformance */ = {
			isa = XCSwiftPackageProductDependency;
			package = BEA7AB102A1BF5B6007B0FAE /* XCRemoteSwiftPackageReference "firebase-ios-sdk" */;
			productName = FirebasePerformance;
		};
		BEA7AB3F2A1BF5B7007B0FAE /* FirebaseRemoteConfig */ = {
			isa = XCSwiftPackageProductDependency;
			package = BEA7AB102A1BF5B6007B0FAE /* XCRemoteSwiftPackageReference "firebase-ios-sdk" */;
			productName = FirebaseRemoteConfig;
		};
		BEA7AB412A1BF5B7007B0FAE /* FirebaseRemoteConfigSwift */ = {
			isa = XCSwiftPackageProductDependency;
			package = BEA7AB102A1BF5B6007B0FAE /* XCRemoteSwiftPackageReference "firebase-ios-sdk" */;
			productName = FirebaseRemoteConfigSwift;
		};
		BEA7AB432A1BF5B7007B0FAE /* FirebaseStorage */ = {
			isa = XCSwiftPackageProductDependency;
			package = BEA7AB102A1BF5B6007B0FAE /* XCRemoteSwiftPackageReference "firebase-ios-sdk" */;
			productName = FirebaseStorage;
		};
		BEA7AB452A1BF5B7007B0FAE /* FirebaseStorageCombine-Community */ = {
			isa = XCSwiftPackageProductDependency;
			package = BEA7AB102A1BF5B6007B0FAE /* XCRemoteSwiftPackageReference "firebase-ios-sdk" */;
			productName = "FirebaseStorageCombine-Community";
		};
/* End XCSwiftPackageProductDependency section */
	};
	rootObject = BE02B57F29B0189300CA5C84 /* Project object */;
}
