// !$*UTF8*$!
{
	archiveVersion = 1;
	classes = {
	};
	objectVersion = 56;
	objects = {

/* Begin PBXBuildFile section */
		3A67BD4729D61B2B00296FCE /* GoogleService-Info.plist in Resources */ = {isa = PBXBuildFile; fileRef = 3A67BD4629D61B2B00296FCE /* GoogleService-Info.plist */; };
		3A67BD4A29D61BEF00296FCE /* FirebaseAnalytics in Frameworks */ = {isa = PBXBuildFile; productRef = 3A67BD4929D61BEF00296FCE /* FirebaseAnalytics */; };
		3A67BD4C29D61BEF00296FCE /* FirebaseAnalyticsOnDeviceConversion in Frameworks */ = {isa = PBXBuildFile; productRef = 3A67BD4B29D61BEF00296FCE /* FirebaseAnalyticsOnDeviceConversion */; };
		3A67BD4E29D61BEF00296FCE /* FirebaseAnalyticsSwift in Frameworks */ = {isa = PBXBuildFile; productRef = 3A67BD4D29D61BEF00296FCE /* FirebaseAnalyticsSwift */; };
		3A67BD5029D61BEF00296FCE /* FirebaseAnalyticsWithoutAdIdSupport in Frameworks */ = {isa = PBXBuildFile; productRef = 3A67BD4F29D61BEF00296FCE /* FirebaseAnalyticsWithoutAdIdSupport */; };
		3A67BD5229D61BEF00296FCE /* FirebaseAppCheck in Frameworks */ = {isa = PBXBuildFile; productRef = 3A67BD5129D61BEF00296FCE /* FirebaseAppCheck */; };
		3A67BD5429D61BEF00296FCE /* FirebaseAppDistribution-Beta in Frameworks */ = {isa = PBXBuildFile; productRef = 3A67BD5329D61BEF00296FCE /* FirebaseAppDistribution-Beta */; };
		3A67BD5629D61BEF00296FCE /* FirebaseAuth in Frameworks */ = {isa = PBXBuildFile; productRef = 3A67BD5529D61BEF00296FCE /* FirebaseAuth */; };
		3A67BD5829D61BEF00296FCE /* FirebaseAuthCombine-Community in Frameworks */ = {isa = PBXBuildFile; productRef = 3A67BD5729D61BEF00296FCE /* FirebaseAuthCombine-Community */; };
		3A67BD5A29D61BEF00296FCE /* FirebaseCrashlytics in Frameworks */ = {isa = PBXBuildFile; productRef = 3A67BD5929D61BEF00296FCE /* FirebaseCrashlytics */; };
		3A67BD5C29D61BEF00296FCE /* FirebaseDatabase in Frameworks */ = {isa = PBXBuildFile; productRef = 3A67BD5B29D61BEF00296FCE /* FirebaseDatabase */; };
		3A67BD5E29D61BEF00296FCE /* FirebaseDatabaseSwift in Frameworks */ = {isa = PBXBuildFile; productRef = 3A67BD5D29D61BEF00296FCE /* FirebaseDatabaseSwift */; };
		3A67BD6029D61BEF00296FCE /* FirebaseDynamicLinks in Frameworks */ = {isa = PBXBuildFile; productRef = 3A67BD5F29D61BEF00296FCE /* FirebaseDynamicLinks */; };
		3A67BD6229D61BEF00296FCE /* FirebaseFirestore in Frameworks */ = {isa = PBXBuildFile; productRef = 3A67BD6129D61BEF00296FCE /* FirebaseFirestore */; };
		3A67BD6429D61BEF00296FCE /* FirebaseFirestoreCombine-Community in Frameworks */ = {isa = PBXBuildFile; productRef = 3A67BD6329D61BEF00296FCE /* FirebaseFirestoreCombine-Community */; };
		3A67BD6629D61BEF00296FCE /* FirebaseFirestoreSwift in Frameworks */ = {isa = PBXBuildFile; productRef = 3A67BD6529D61BEF00296FCE /* FirebaseFirestoreSwift */; };
		3A67BD6829D61BEF00296FCE /* FirebaseFunctions in Frameworks */ = {isa = PBXBuildFile; productRef = 3A67BD6729D61BEF00296FCE /* FirebaseFunctions */; };
		3A67BD6A29D61BEF00296FCE /* FirebaseFunctionsCombine-Community in Frameworks */ = {isa = PBXBuildFile; productRef = 3A67BD6929D61BEF00296FCE /* FirebaseFunctionsCombine-Community */; };
		3A67BD6C29D61BEF00296FCE /* FirebaseInAppMessaging-Beta in Frameworks */ = {isa = PBXBuildFile; productRef = 3A67BD6B29D61BEF00296FCE /* FirebaseInAppMessaging-Beta */; };
		3A67BD6E29D61BEF00296FCE /* FirebaseInAppMessagingSwift-Beta in Frameworks */ = {isa = PBXBuildFile; productRef = 3A67BD6D29D61BEF00296FCE /* FirebaseInAppMessagingSwift-Beta */; };
		3A67BD7029D61BEF00296FCE /* FirebaseInstallations in Frameworks */ = {isa = PBXBuildFile; productRef = 3A67BD6F29D61BEF00296FCE /* FirebaseInstallations */; };
		3A67BD7229D61BEF00296FCE /* FirebaseMLModelDownloader in Frameworks */ = {isa = PBXBuildFile; productRef = 3A67BD7129D61BEF00296FCE /* FirebaseMLModelDownloader */; };
		3A67BD7429D61BEF00296FCE /* FirebaseMessaging in Frameworks */ = {isa = PBXBuildFile; productRef = 3A67BD7329D61BEF00296FCE /* FirebaseMessaging */; };
		3A67BD7629D61BEF00296FCE /* FirebasePerformance in Frameworks */ = {isa = PBXBuildFile; productRef = 3A67BD7529D61BEF00296FCE /* FirebasePerformance */; };
		3A67BD7829D61BEF00296FCE /* FirebaseRemoteConfig in Frameworks */ = {isa = PBXBuildFile; productRef = 3A67BD7729D61BEF00296FCE /* FirebaseRemoteConfig */; };
		3A67BD7A29D61BEF00296FCE /* FirebaseRemoteConfigSwift in Frameworks */ = {isa = PBXBuildFile; productRef = 3A67BD7929D61BEF00296FCE /* FirebaseRemoteConfigSwift */; };
		3A67BD7C29D61BEF00296FCE /* FirebaseStorage in Frameworks */ = {isa = PBXBuildFile; productRef = 3A67BD7B29D61BEF00296FCE /* FirebaseStorage */; };
		3A67BD7E29D61BEF00296FCE /* FirebaseStorageCombine-Community in Frameworks */ = {isa = PBXBuildFile; productRef = 3A67BD7D29D61BEF00296FCE /* FirebaseStorageCombine-Community */; };
		4AD7372829D534A500A54A26 /* UserInfoView.swift in Sources */ = {isa = PBXBuildFile; fileRef = 4AD7372729D534A500A54A26 /* UserInfoView.swift */; };
		BE02B58B29B0189300CA5C84 /* OrofacialApp.swift in Sources */ = {isa = PBXBuildFile; fileRef = BE02B58A29B0189300CA5C84 /* OrofacialApp.swift */; };
		BE02B58D29B0189300CA5C84 /* ContentView.swift in Sources */ = {isa = PBXBuildFile; fileRef = BE02B58C29B0189300CA5C84 /* ContentView.swift */; };
		BE02B58F29B0189400CA5C84 /* Assets.xcassets in Resources */ = {isa = PBXBuildFile; fileRef = BE02B58E29B0189400CA5C84 /* Assets.xcassets */; };
		BE02B59229B0189400CA5C84 /* Preview Assets.xcassets in Resources */ = {isa = PBXBuildFile; fileRef = BE02B59129B0189400CA5C84 /* Preview Assets.xcassets */; };
		BE02B59C29B0189400CA5C84 /* OrofacialTests.swift in Sources */ = {isa = PBXBuildFile; fileRef = BE02B59B29B0189400CA5C84 /* OrofacialTests.swift */; };
		BE02B5A629B0189400CA5C84 /* OrofacialUITests.swift in Sources */ = {isa = PBXBuildFile; fileRef = BE02B5A529B0189400CA5C84 /* OrofacialUITests.swift */; };
		BE02B5A829B0189400CA5C84 /* OrofacialUITestsLaunchTests.swift in Sources */ = {isa = PBXBuildFile; fileRef = BE02B5A729B0189400CA5C84 /* OrofacialUITestsLaunchTests.swift */; };
		BE40818229C958170058C97B /* OnboardingView.swift in Sources */ = {isa = PBXBuildFile; fileRef = BE40818129C958170058C97B /* OnboardingView.swift */; };
		BE40818629C970400058C97B /* CircleGroupView.swift in Sources */ = {isa = PBXBuildFile; fileRef = BE40818529C970400058C97B /* CircleGroupView.swift */; };
		BE40818829C972F00058C97B /* LoginView.swift in Sources */ = {isa = PBXBuildFile; fileRef = BE40818729C972F00058C97B /* LoginView.swift */; };
		BEA7AAB42A099F35007B0FAE /* AuthenticationView.swift in Sources */ = {isa = PBXBuildFile; fileRef = BEA7AAB32A099F35007B0FAE /* AuthenticationView.swift */; };
		BEA7AAB62A09A06F007B0FAE /* SignInEmailView.swift in Sources */ = {isa = PBXBuildFile; fileRef = BEA7AAB52A09A06F007B0FAE /* SignInEmailView.swift */; };
		BEA7AAB92A09A219007B0FAE /* AuthenticationManager.swift in Sources */ = {isa = PBXBuildFile; fileRef = BEA7AAB82A09A219007B0FAE /* AuthenticationManager.swift */; };
		BEA7AABD2A09AF7B007B0FAE /* ProfileView.swift in Sources */ = {isa = PBXBuildFile; fileRef = BEA7AABC2A09AF7B007B0FAE /* ProfileView.swift */; };
		BEA7AABF2A09AFC4007B0FAE /* EncyclopediaView.swift in Sources */ = {isa = PBXBuildFile; fileRef = BEA7AABE2A09AFC4007B0FAE /* EncyclopediaView.swift */; };
		BEA7AAC22A09B035007B0FAE /* SettingsView.swift in Sources */ = {isa = PBXBuildFile; fileRef = BEA7AAC12A09B035007B0FAE /* SettingsView.swift */; };
		BEA7AAC42A09B449007B0FAE /* RootView.swift in Sources */ = {isa = PBXBuildFile; fileRef = BEA7AAC32A09B449007B0FAE /* RootView.swift */; };
		BEA7AAD12A09F308007B0FAE /* User.swift in Sources */ = {isa = PBXBuildFile; fileRef = BEA7AAD02A09F308007B0FAE /* User.swift */; };
		BEA7AAD32A09F85D007B0FAE /* UserViewModel.swift in Sources */ = {isa = PBXBuildFile; fileRef = BEA7AAD22A09F85D007B0FAE /* UserViewModel.swift */; };
		BEA7AAD82A0AC524007B0FAE /* HomeView.swift in Sources */ = {isa = PBXBuildFile; fileRef = BEA7AAD72A0AC524007B0FAE /* HomeView.swift */; };
		BEA7AADA2A0AC572007B0FAE /* MainView.swift in Sources */ = {isa = PBXBuildFile; fileRef = BEA7AAD92A0AC572007B0FAE /* MainView.swift */; };
		BEA7AADE2A0AD42C007B0FAE /* FAQbutton.swift in Sources */ = {isa = PBXBuildFile; fileRef = BEA7AADD2A0AD42C007B0FAE /* FAQbutton.swift */; };
		BEA7AAE02A0AD60F007B0FAE /* FAQ.swift in Sources */ = {isa = PBXBuildFile; fileRef = BEA7AADF2A0AD60F007B0FAE /* FAQ.swift */; };
		BEA7AAE32A0AE5BA007B0FAE /* FAQpage.swift in Sources */ = {isa = PBXBuildFile; fileRef = BEA7AAE22A0AE5BA007B0FAE /* FAQpage.swift */; };
		BEA7AAE52A0AF3A1007B0FAE /* Condition.swift in Sources */ = {isa = PBXBuildFile; fileRef = BEA7AAE42A0AF3A1007B0FAE /* Condition.swift */; };
		BEA7AAEA2A0C92CF007B0FAE /* SelfAssessmentView.swift in Sources */ = {isa = PBXBuildFile; fileRef = BEA7AAE92A0C92CF007B0FAE /* SelfAssessmentView.swift */; };
		BEA7AAED2A11C178007B0FAE /* PrimaryButton.swift in Sources */ = {isa = PBXBuildFile; fileRef = BEA7AAEC2A11C178007B0FAE /* PrimaryButton.swift */; };
		BEA7AAEF2A11C88A007B0FAE /* ProgressBar.swift in Sources */ = {isa = PBXBuildFile; fileRef = BEA7AAEE2A11C88A007B0FAE /* ProgressBar.swift */; };
		BEE0304229D2266100DE9929 /* OnboardingItem.swift in Sources */ = {isa = PBXBuildFile; fileRef = BEE0304129D2266100DE9929 /* OnboardingItem.swift */; };
		BEE0304629D2293100DE9929 /* OnboardingScreenView.swift in Sources */ = {isa = PBXBuildFile; fileRef = BEE0304529D2293100DE9929 /* OnboardingScreenView.swift */; };
		BEE0304C29D22B3000DE9929 /* OnboardingViews.swift in Sources */ = {isa = PBXBuildFile; fileRef = BEE0304B29D22B3000DE9929 /* OnboardingViews.swift */; };
		BEE0304E29D22CB800DE9929 /* OnboardingContent.plist in Resources */ = {isa = PBXBuildFile; fileRef = BEE0304D29D22CB800DE9929 /* OnboardingContent.plist */; };
		BEE0305029D22D7900DE9929 /* PlistManager.swift in Sources */ = {isa = PBXBuildFile; fileRef = BEE0304F29D22D7900DE9929 /* PlistManager.swift */; };
		BEE0305629D233E200DE9929 /* OnboardingContentManager.swift in Sources */ = {isa = PBXBuildFile; fileRef = BEE0305529D233E200DE9929 /* OnboardingContentManager.swift */; };
/* End PBXBuildFile section */

/* Begin PBXContainerItemProxy section */
		BE02B59829B0189400CA5C84 /* PBXContainerItemProxy */ = {
			isa = PBXContainerItemProxy;
			containerPortal = BE02B57F29B0189300CA5C84 /* Project object */;
			proxyType = 1;
			remoteGlobalIDString = BE02B58629B0189300CA5C84;
			remoteInfo = Orofacial;
		};
		BE02B5A229B0189400CA5C84 /* PBXContainerItemProxy */ = {
			isa = PBXContainerItemProxy;
			containerPortal = BE02B57F29B0189300CA5C84 /* Project object */;
			proxyType = 1;
			remoteGlobalIDString = BE02B58629B0189300CA5C84;
			remoteInfo = Orofacial;
		};
/* End PBXContainerItemProxy section */

/* Begin PBXFileReference section */
		3A67BD4629D61B2B00296FCE /* GoogleService-Info.plist */ = {isa = PBXFileReference; fileEncoding = 4; lastKnownFileType = text.plist.xml; path = "GoogleService-Info.plist"; sourceTree = "<group>"; };
		4AD7372729D534A500A54A26 /* UserInfoView.swift */ = {isa = PBXFileReference; lastKnownFileType = sourcecode.swift; path = UserInfoView.swift; sourceTree = "<group>"; };
		BE02B58729B0189300CA5C84 /* Orofacial.app */ = {isa = PBXFileReference; explicitFileType = wrapper.application; includeInIndex = 0; path = Orofacial.app; sourceTree = BUILT_PRODUCTS_DIR; };
		BE02B58A29B0189300CA5C84 /* OrofacialApp.swift */ = {isa = PBXFileReference; lastKnownFileType = sourcecode.swift; path = OrofacialApp.swift; sourceTree = "<group>"; };
		BE02B58C29B0189300CA5C84 /* ContentView.swift */ = {isa = PBXFileReference; lastKnownFileType = sourcecode.swift; path = ContentView.swift; sourceTree = "<group>"; };
		BE02B58E29B0189400CA5C84 /* Assets.xcassets */ = {isa = PBXFileReference; lastKnownFileType = folder.assetcatalog; path = Assets.xcassets; sourceTree = "<group>"; };
		BE02B59129B0189400CA5C84 /* Preview Assets.xcassets */ = {isa = PBXFileReference; lastKnownFileType = folder.assetcatalog; path = "Preview Assets.xcassets"; sourceTree = "<group>"; };
		BE02B59729B0189400CA5C84 /* OrofacialTests.xctest */ = {isa = PBXFileReference; explicitFileType = wrapper.cfbundle; includeInIndex = 0; path = OrofacialTests.xctest; sourceTree = BUILT_PRODUCTS_DIR; };
		BE02B59B29B0189400CA5C84 /* OrofacialTests.swift */ = {isa = PBXFileReference; lastKnownFileType = sourcecode.swift; path = OrofacialTests.swift; sourceTree = "<group>"; };
		BE02B5A129B0189400CA5C84 /* OrofacialUITests.xctest */ = {isa = PBXFileReference; explicitFileType = wrapper.cfbundle; includeInIndex = 0; path = OrofacialUITests.xctest; sourceTree = BUILT_PRODUCTS_DIR; };
		BE02B5A529B0189400CA5C84 /* OrofacialUITests.swift */ = {isa = PBXFileReference; lastKnownFileType = sourcecode.swift; path = OrofacialUITests.swift; sourceTree = "<group>"; };
		BE02B5A729B0189400CA5C84 /* OrofacialUITestsLaunchTests.swift */ = {isa = PBXFileReference; lastKnownFileType = sourcecode.swift; path = OrofacialUITestsLaunchTests.swift; sourceTree = "<group>"; };
		BE40818129C958170058C97B /* OnboardingView.swift */ = {isa = PBXFileReference; lastKnownFileType = sourcecode.swift; path = OnboardingView.swift; sourceTree = "<group>"; };
		BE40818529C970400058C97B /* CircleGroupView.swift */ = {isa = PBXFileReference; lastKnownFileType = sourcecode.swift; path = CircleGroupView.swift; sourceTree = "<group>"; };
		BE40818729C972F00058C97B /* LoginView.swift */ = {isa = PBXFileReference; lastKnownFileType = sourcecode.swift; path = LoginView.swift; sourceTree = "<group>"; };
		BEA7AAB32A099F35007B0FAE /* AuthenticationView.swift */ = {isa = PBXFileReference; lastKnownFileType = sourcecode.swift; path = AuthenticationView.swift; sourceTree = "<group>"; };
		BEA7AAB52A09A06F007B0FAE /* SignInEmailView.swift */ = {isa = PBXFileReference; lastKnownFileType = sourcecode.swift; path = SignInEmailView.swift; sourceTree = "<group>"; };
		BEA7AAB82A09A219007B0FAE /* AuthenticationManager.swift */ = {isa = PBXFileReference; lastKnownFileType = sourcecode.swift; path = AuthenticationManager.swift; sourceTree = "<group>"; };
		BEA7AABC2A09AF7B007B0FAE /* ProfileView.swift */ = {isa = PBXFileReference; lastKnownFileType = sourcecode.swift; path = ProfileView.swift; sourceTree = "<group>"; };
		BEA7AABE2A09AFC4007B0FAE /* EncyclopediaView.swift */ = {isa = PBXFileReference; lastKnownFileType = sourcecode.swift; path = EncyclopediaView.swift; sourceTree = "<group>"; };
		BEA7AAC12A09B035007B0FAE /* SettingsView.swift */ = {isa = PBXFileReference; lastKnownFileType = sourcecode.swift; path = SettingsView.swift; sourceTree = "<group>"; };
		BEA7AAC32A09B449007B0FAE /* RootView.swift */ = {isa = PBXFileReference; lastKnownFileType = sourcecode.swift; path = RootView.swift; sourceTree = "<group>"; };
		BEA7AAD02A09F308007B0FAE /* User.swift */ = {isa = PBXFileReference; lastKnownFileType = sourcecode.swift; path = User.swift; sourceTree = "<group>"; };
		BEA7AAD22A09F85D007B0FAE /* UserViewModel.swift */ = {isa = PBXFileReference; lastKnownFileType = sourcecode.swift; path = UserViewModel.swift; sourceTree = "<group>"; };
		BEA7AAD72A0AC524007B0FAE /* HomeView.swift */ = {isa = PBXFileReference; lastKnownFileType = sourcecode.swift; path = HomeView.swift; sourceTree = "<group>"; };
		BEA7AAD92A0AC572007B0FAE /* MainView.swift */ = {isa = PBXFileReference; lastKnownFileType = sourcecode.swift; path = MainView.swift; sourceTree = "<group>"; };
		BEA7AADD2A0AD42C007B0FAE /* FAQbutton.swift */ = {isa = PBXFileReference; lastKnownFileType = sourcecode.swift; path = FAQbutton.swift; sourceTree = "<group>"; };
		BEA7AADF2A0AD60F007B0FAE /* FAQ.swift */ = {isa = PBXFileReference; lastKnownFileType = sourcecode.swift; path = FAQ.swift; sourceTree = "<group>"; };
		BEA7AAE22A0AE5BA007B0FAE /* FAQpage.swift */ = {isa = PBXFileReference; lastKnownFileType = sourcecode.swift; path = FAQpage.swift; sourceTree = "<group>"; };
		BEA7AAE42A0AF3A1007B0FAE /* Condition.swift */ = {isa = PBXFileReference; lastKnownFileType = sourcecode.swift; path = Condition.swift; sourceTree = "<group>"; };
		BEA7AAE92A0C92CF007B0FAE /* SelfAssessmentView.swift */ = {isa = PBXFileReference; lastKnownFileType = sourcecode.swift; path = SelfAssessmentView.swift; sourceTree = "<group>"; };
		BEA7AAEC2A11C178007B0FAE /* PrimaryButton.swift */ = {isa = PBXFileReference; lastKnownFileType = sourcecode.swift; path = PrimaryButton.swift; sourceTree = "<group>"; };
		BEA7AAEE2A11C88A007B0FAE /* ProgressBar.swift */ = {isa = PBXFileReference; lastKnownFileType = sourcecode.swift; path = ProgressBar.swift; sourceTree = "<group>"; };
		BEE0304129D2266100DE9929 /* OnboardingItem.swift */ = {isa = PBXFileReference; lastKnownFileType = sourcecode.swift; path = OnboardingItem.swift; sourceTree = "<group>"; };
		BEE0304529D2293100DE9929 /* OnboardingScreenView.swift */ = {isa = PBXFileReference; lastKnownFileType = sourcecode.swift; path = OnboardingScreenView.swift; sourceTree = "<group>"; };
		BEE0304B29D22B3000DE9929 /* OnboardingViews.swift */ = {isa = PBXFileReference; lastKnownFileType = sourcecode.swift; path = OnboardingViews.swift; sourceTree = "<group>"; };
		BEE0304D29D22CB800DE9929 /* OnboardingContent.plist */ = {isa = PBXFileReference; lastKnownFileType = text.plist.xml; path = OnboardingContent.plist; sourceTree = "<group>"; };
		BEE0304F29D22D7900DE9929 /* PlistManager.swift */ = {isa = PBXFileReference; lastKnownFileType = sourcecode.swift; path = PlistManager.swift; sourceTree = "<group>"; };
		BEE0305529D233E200DE9929 /* OnboardingContentManager.swift */ = {isa = PBXFileReference; lastKnownFileType = sourcecode.swift; path = OnboardingContentManager.swift; sourceTree = "<group>"; };
/* End PBXFileReference section */

/* Begin PBXFrameworksBuildPhase section */
		BE02B58429B0189300CA5C84 /* Frameworks */ = {
			isa = PBXFrameworksBuildPhase;
			buildActionMask = 2147483647;
			files = (
				3A67BD5C29D61BEF00296FCE /* FirebaseDatabase in Frameworks */,
				3A67BD6A29D61BEF00296FCE /* FirebaseFunctionsCombine-Community in Frameworks */,
				3A67BD6229D61BEF00296FCE /* FirebaseFirestore in Frameworks */,
				3A67BD4E29D61BEF00296FCE /* FirebaseAnalyticsSwift in Frameworks */,
				3A67BD4A29D61BEF00296FCE /* FirebaseAnalytics in Frameworks */,
				3A67BD4C29D61BEF00296FCE /* FirebaseAnalyticsOnDeviceConversion in Frameworks */,
				3A67BD7229D61BEF00296FCE /* FirebaseMLModelDownloader in Frameworks */,
				3A67BD6629D61BEF00296FCE /* FirebaseFirestoreSwift in Frameworks */,
				3A67BD5229D61BEF00296FCE /* FirebaseAppCheck in Frameworks */,
				3A67BD5029D61BEF00296FCE /* FirebaseAnalyticsWithoutAdIdSupport in Frameworks */,
				3A67BD5629D61BEF00296FCE /* FirebaseAuth in Frameworks */,
				3A67BD5A29D61BEF00296FCE /* FirebaseCrashlytics in Frameworks */,
				3A67BD7A29D61BEF00296FCE /* FirebaseRemoteConfigSwift in Frameworks */,
				3A67BD6C29D61BEF00296FCE /* FirebaseInAppMessaging-Beta in Frameworks */,
				3A67BD5E29D61BEF00296FCE /* FirebaseDatabaseSwift in Frameworks */,
				3A67BD6829D61BEF00296FCE /* FirebaseFunctions in Frameworks */,
				3A67BD7E29D61BEF00296FCE /* FirebaseStorageCombine-Community in Frameworks */,
				3A67BD7829D61BEF00296FCE /* FirebaseRemoteConfig in Frameworks */,
				3A67BD5429D61BEF00296FCE /* FirebaseAppDistribution-Beta in Frameworks */,
				3A67BD5829D61BEF00296FCE /* FirebaseAuthCombine-Community in Frameworks */,
				3A67BD7629D61BEF00296FCE /* FirebasePerformance in Frameworks */,
				3A67BD6E29D61BEF00296FCE /* FirebaseInAppMessagingSwift-Beta in Frameworks */,
				3A67BD7C29D61BEF00296FCE /* FirebaseStorage in Frameworks */,
				3A67BD6029D61BEF00296FCE /* FirebaseDynamicLinks in Frameworks */,
				3A67BD6429D61BEF00296FCE /* FirebaseFirestoreCombine-Community in Frameworks */,
				3A67BD7429D61BEF00296FCE /* FirebaseMessaging in Frameworks */,
				3A67BD7029D61BEF00296FCE /* FirebaseInstallations in Frameworks */,
			);
			runOnlyForDeploymentPostprocessing = 0;
		};
		BE02B59429B0189400CA5C84 /* Frameworks */ = {
			isa = PBXFrameworksBuildPhase;
			buildActionMask = 2147483647;
			files = (
			);
			runOnlyForDeploymentPostprocessing = 0;
		};
		BE02B59E29B0189400CA5C84 /* Frameworks */ = {
			isa = PBXFrameworksBuildPhase;
			buildActionMask = 2147483647;
			files = (
			);
			runOnlyForDeploymentPostprocessing = 0;
		};
/* End PBXFrameworksBuildPhase section */

/* Begin PBXGroup section */
		BE02B57E29B0189300CA5C84 = {
			isa = PBXGroup;
			children = (
				BE02B58929B0189300CA5C84 /* Orofacial */,
				BE02B59A29B0189400CA5C84 /* OrofacialTests */,
				BE02B5A429B0189400CA5C84 /* OrofacialUITests */,
				BE02B58829B0189300CA5C84 /* Products */,
			);
			sourceTree = "<group>";
		};
		BE02B58829B0189300CA5C84 /* Products */ = {
			isa = PBXGroup;
			children = (
				BE02B58729B0189300CA5C84 /* Orofacial.app */,
				BE02B59729B0189400CA5C84 /* OrofacialTests.xctest */,
				BE02B5A129B0189400CA5C84 /* OrofacialUITests.xctest */,
			);
			name = Products;
			sourceTree = "<group>";
		};
		BE02B58929B0189300CA5C84 /* Orofacial */ = {
			isa = PBXGroup;
			children = (
				BEA7AAEB2A11C15E007B0FAE /* Component */,
				BEA7AAD92A0AC572007B0FAE /* MainView.swift */,
				BEA7AAB22A099C72007B0FAE /* Authentication */,
				3A67BD4629D61B2B00296FCE /* GoogleService-Info.plist */,
				BEE0304029D2263000DE9929 /* Onboarding */,
				BE40818029C9579F0058C97B /* Views */,
				BE40817F29C957980058C97B /* Fonts */,
				BE02B58A29B0189300CA5C84 /* OrofacialApp.swift */,
				BE40817E29C9575A0058C97B /* Screens */,
				BE02B58E29B0189400CA5C84 /* Assets.xcassets */,
				BE02B59029B0189400CA5C84 /* Preview Content */,
				BEA7AAD02A09F308007B0FAE /* User.swift */,
				BEA7AAD22A09F85D007B0FAE /* UserViewModel.swift */,
			);
			path = Orofacial;
			sourceTree = "<group>";
		};
		BE02B59029B0189400CA5C84 /* Preview Content */ = {
			isa = PBXGroup;
			children = (
				BE02B59129B0189400CA5C84 /* Preview Assets.xcassets */,
			);
			path = "Preview Content";
			sourceTree = "<group>";
		};
		BE02B59A29B0189400CA5C84 /* OrofacialTests */ = {
			isa = PBXGroup;
			children = (
				BE02B59B29B0189400CA5C84 /* OrofacialTests.swift */,
			);
			path = OrofacialTests;
			sourceTree = "<group>";
		};
		BE02B5A429B0189400CA5C84 /* OrofacialUITests */ = {
			isa = PBXGroup;
			children = (
				BE02B5A529B0189400CA5C84 /* OrofacialUITests.swift */,
				BE02B5A729B0189400CA5C84 /* OrofacialUITestsLaunchTests.swift */,
			);
			path = OrofacialUITests;
			sourceTree = "<group>";
		};
		BE40817E29C9575A0058C97B /* Screens */ = {
			isa = PBXGroup;
			children = (
				BEA7AAE62A0C92A2007B0FAE /* Profile */,
				BEA7AAD42A0AC209007B0FAE /* Dental info */,
				BEA7AAC52A09DC90007B0FAE /* Encyclopedia */,
				BE40818129C958170058C97B /* OnboardingView.swift */,
				BE02B58C29B0189300CA5C84 /* ContentView.swift */,
				BE40818729C972F00058C97B /* LoginView.swift */,
				4AD7372729D534A500A54A26 /* UserInfoView.swift */,
				BEA7AAC12A09B035007B0FAE /* SettingsView.swift */,
			);
			path = Screens;
			sourceTree = "<group>";
		};
		BE40817F29C957980058C97B /* Fonts */ = {
			isa = PBXGroup;
			children = (
			);
			path = Fonts;
			sourceTree = "<group>";
		};
		BE40818029C9579F0058C97B /* Views */ = {
			isa = PBXGroup;
			children = (
				BE40818529C970400058C97B /* CircleGroupView.swift */,
			);
			path = Views;
			sourceTree = "<group>";
		};
		BEA7AAB22A099C72007B0FAE /* Authentication */ = {
			isa = PBXGroup;
			children = (
				BEA7AAB32A099F35007B0FAE /* AuthenticationView.swift */,
				BEA7AAB52A09A06F007B0FAE /* SignInEmailView.swift */,
				BEA7AAB82A09A219007B0FAE /* AuthenticationManager.swift */,
				BEA7AAC32A09B449007B0FAE /* RootView.swift */,
			);
			path = Authentication;
			sourceTree = "<group>";
		};
		BEA7AAC52A09DC90007B0FAE /* Encyclopedia */ = {
			isa = PBXGroup;
			children = (
				BEA7AABE2A09AFC4007B0FAE /* EncyclopediaView.swift */,
				BEA7AAE42A0AF3A1007B0FAE /* Condition.swift */,
			);
			path = Encyclopedia;
			sourceTree = "<group>";
		};
		BEA7AAD42A0AC209007B0FAE /* Dental info */ = {
			isa = PBXGroup;
			children = (
				BEA7AAE12A0ADF58007B0FAE /* Component */,
				BEA7AAD72A0AC524007B0FAE /* HomeView.swift */,
			);
			path = "Dental info";
			sourceTree = "<group>";
		};
		BEA7AAE12A0ADF58007B0FAE /* Component */ = {
			isa = PBXGroup;
			children = (
			);
			path = Component;
			sourceTree = "<group>";
		};
		BEA7AAE62A0C92A2007B0FAE /* Profile */ = {
			isa = PBXGroup;
			children = (
				BEA7AABC2A09AF7B007B0FAE /* ProfileView.swift */,
				BEA7AAE92A0C92CF007B0FAE /* SelfAssessmentView.swift */,
			);
			path = Profile;
			sourceTree = "<group>";
		};
		BEA7AAEB2A11C15E007B0FAE /* Component */ = {
			isa = PBXGroup;
			children = (
				BEA7AADF2A0AD60F007B0FAE /* FAQ.swift */,
				BEA7AADD2A0AD42C007B0FAE /* FAQbutton.swift */,
				BEA7AAE22A0AE5BA007B0FAE /* FAQpage.swift */,
				BEA7AAEC2A11C178007B0FAE /* PrimaryButton.swift */,
				BEA7AAEE2A11C88A007B0FAE /* ProgressBar.swift */,
			);
			path = Component;
			sourceTree = "<group>";
		};
		BEE0304029D2263000DE9929 /* Onboarding */ = {
			isa = PBXGroup;
			children = (
				BEE0304129D2266100DE9929 /* OnboardingItem.swift */,
				BEE0304529D2293100DE9929 /* OnboardingScreenView.swift */,
				BEE0304B29D22B3000DE9929 /* OnboardingViews.swift */,
				BEE0304D29D22CB800DE9929 /* OnboardingContent.plist */,
				BEE0304F29D22D7900DE9929 /* PlistManager.swift */,
				BEE0305529D233E200DE9929 /* OnboardingContentManager.swift */,
			);
			path = Onboarding;
			sourceTree = "<group>";
		};
/* End PBXGroup section */

/* Begin PBXNativeTarget section */
		BE02B58629B0189300CA5C84 /* Orofacial */ = {
			isa = PBXNativeTarget;
			buildConfigurationList = BE02B5AB29B0189400CA5C84 /* Build configuration list for PBXNativeTarget "Orofacial" */;
			buildPhases = (
				BE02B58329B0189300CA5C84 /* Sources */,
				BE02B58429B0189300CA5C84 /* Frameworks */,
				BE02B58529B0189300CA5C84 /* Resources */,
			);
			buildRules = (
			);
			dependencies = (
			);
			name = Orofacial;
			packageProductDependencies = (
				3A67BD4929D61BEF00296FCE /* FirebaseAnalytics */,
				3A67BD4B29D61BEF00296FCE /* FirebaseAnalyticsOnDeviceConversion */,
				3A67BD4D29D61BEF00296FCE /* FirebaseAnalyticsSwift */,
				3A67BD4F29D61BEF00296FCE /* FirebaseAnalyticsWithoutAdIdSupport */,
				3A67BD5129D61BEF00296FCE /* FirebaseAppCheck */,
				3A67BD5329D61BEF00296FCE /* FirebaseAppDistribution-Beta */,
				3A67BD5529D61BEF00296FCE /* FirebaseAuth */,
				3A67BD5729D61BEF00296FCE /* FirebaseAuthCombine-Community */,
				3A67BD5929D61BEF00296FCE /* FirebaseCrashlytics */,
				3A67BD5B29D61BEF00296FCE /* FirebaseDatabase */,
				3A67BD5D29D61BEF00296FCE /* FirebaseDatabaseSwift */,
				3A67BD5F29D61BEF00296FCE /* FirebaseDynamicLinks */,
				3A67BD6129D61BEF00296FCE /* FirebaseFirestore */,
				3A67BD6329D61BEF00296FCE /* FirebaseFirestoreCombine-Community */,
				3A67BD6529D61BEF00296FCE /* FirebaseFirestoreSwift */,
				3A67BD6729D61BEF00296FCE /* FirebaseFunctions */,
				3A67BD6929D61BEF00296FCE /* FirebaseFunctionsCombine-Community */,
				3A67BD6B29D61BEF00296FCE /* FirebaseInAppMessaging-Beta */,
				3A67BD6D29D61BEF00296FCE /* FirebaseInAppMessagingSwift-Beta */,
				3A67BD6F29D61BEF00296FCE /* FirebaseInstallations */,
				3A67BD7129D61BEF00296FCE /* FirebaseMLModelDownloader */,
				3A67BD7329D61BEF00296FCE /* FirebaseMessaging */,
				3A67BD7529D61BEF00296FCE /* FirebasePerformance */,
				3A67BD7729D61BEF00296FCE /* FirebaseRemoteConfig */,
				3A67BD7929D61BEF00296FCE /* FirebaseRemoteConfigSwift */,
				3A67BD7B29D61BEF00296FCE /* FirebaseStorage */,
				3A67BD7D29D61BEF00296FCE /* FirebaseStorageCombine-Community */,
			);
			productName = Orofacial;
			productReference = BE02B58729B0189300CA5C84 /* Orofacial.app */;
			productType = "com.apple.product-type.application";
		};
		BE02B59629B0189400CA5C84 /* OrofacialTests */ = {
			isa = PBXNativeTarget;
			buildConfigurationList = BE02B5AE29B0189400CA5C84 /* Build configuration list for PBXNativeTarget "OrofacialTests" */;
			buildPhases = (
				BE02B59329B0189400CA5C84 /* Sources */,
				BE02B59429B0189400CA5C84 /* Frameworks */,
				BE02B59529B0189400CA5C84 /* Resources */,
			);
			buildRules = (
			);
			dependencies = (
				BE02B59929B0189400CA5C84 /* PBXTargetDependency */,
			);
			name = OrofacialTests;
			productName = OrofacialTests;
			productReference = BE02B59729B0189400CA5C84 /* OrofacialTests.xctest */;
			productType = "com.apple.product-type.bundle.unit-test";
		};
		BE02B5A029B0189400CA5C84 /* OrofacialUITests */ = {
			isa = PBXNativeTarget;
			buildConfigurationList = BE02B5B129B0189400CA5C84 /* Build configuration list for PBXNativeTarget "OrofacialUITests" */;
			buildPhases = (
				BE02B59D29B0189400CA5C84 /* Sources */,
				BE02B59E29B0189400CA5C84 /* Frameworks */,
				BE02B59F29B0189400CA5C84 /* Resources */,
			);
			buildRules = (
			);
			dependencies = (
				BE02B5A329B0189400CA5C84 /* PBXTargetDependency */,
			);
			name = OrofacialUITests;
			productName = OrofacialUITests;
			productReference = BE02B5A129B0189400CA5C84 /* OrofacialUITests.xctest */;
			productType = "com.apple.product-type.bundle.ui-testing";
		};
/* End PBXNativeTarget section */

/* Begin PBXProject section */
		BE02B57F29B0189300CA5C84 /* Project object */ = {
			isa = PBXProject;
			attributes = {
				BuildIndependentTargetsInParallel = 1;
				LastSwiftUpdateCheck = 1420;
				LastUpgradeCheck = 1420;
				TargetAttributes = {
					BE02B58629B0189300CA5C84 = {
						CreatedOnToolsVersion = 14.2;
					};
					BE02B59629B0189400CA5C84 = {
						CreatedOnToolsVersion = 14.2;
						TestTargetID = BE02B58629B0189300CA5C84;
					};
					BE02B5A029B0189400CA5C84 = {
						CreatedOnToolsVersion = 14.2;
						TestTargetID = BE02B58629B0189300CA5C84;
					};
				};
			};
			buildConfigurationList = BE02B58229B0189300CA5C84 /* Build configuration list for PBXProject "Orofacial" */;
			compatibilityVersion = "Xcode 14.0";
			developmentRegion = en;
			hasScannedForEncodings = 0;
			knownRegions = (
				en,
				Base,
			);
			mainGroup = BE02B57E29B0189300CA5C84;
			packageReferences = (
				3A67BD4829D61BEF00296FCE /* XCRemoteSwiftPackageReference "firebase-ios-sdk" */,
			);
			productRefGroup = BE02B58829B0189300CA5C84 /* Products */;
			projectDirPath = "";
			projectRoot = "";
			targets = (
				BE02B58629B0189300CA5C84 /* Orofacial */,
				BE02B59629B0189400CA5C84 /* OrofacialTests */,
				BE02B5A029B0189400CA5C84 /* OrofacialUITests */,
			);
		};
/* End PBXProject section */

/* Begin PBXResourcesBuildPhase section */
		BE02B58529B0189300CA5C84 /* Resources */ = {
			isa = PBXResourcesBuildPhase;
			buildActionMask = 2147483647;
			files = (
				BE02B59229B0189400CA5C84 /* Preview Assets.xcassets in Resources */,
				3A67BD4729D61B2B00296FCE /* GoogleService-Info.plist in Resources */,
				BEE0304E29D22CB800DE9929 /* OnboardingContent.plist in Resources */,
				BE02B58F29B0189400CA5C84 /* Assets.xcassets in Resources */,
			);
			runOnlyForDeploymentPostprocessing = 0;
		};
		BE02B59529B0189400CA5C84 /* Resources */ = {
			isa = PBXResourcesBuildPhase;
			buildActionMask = 2147483647;
			files = (
			);
			runOnlyForDeploymentPostprocessing = 0;
		};
		BE02B59F29B0189400CA5C84 /* Resources */ = {
			isa = PBXResourcesBuildPhase;
			buildActionMask = 2147483647;
			files = (
			);
			runOnlyForDeploymentPostprocessing = 0;
		};
/* End PBXResourcesBuildPhase section */

/* Begin PBXSourcesBuildPhase section */
		BE02B58329B0189300CA5C84 /* Sources */ = {
			isa = PBXSourcesBuildPhase;
			buildActionMask = 2147483647;
			files = (
				BEA7AAEA2A0C92CF007B0FAE /* SelfAssessmentView.swift in Sources */,
				BEA7AADE2A0AD42C007B0FAE /* FAQbutton.swift in Sources */,
				BEA7AAE52A0AF3A1007B0FAE /* Condition.swift in Sources */,
				BEE0305029D22D7900DE9929 /* PlistManager.swift in Sources */,
				BEA7AAD32A09F85D007B0FAE /* UserViewModel.swift in Sources */,
				BE40818829C972F00058C97B /* LoginView.swift in Sources */,
				BEE0304C29D22B3000DE9929 /* OnboardingViews.swift in Sources */,
				BEA7AAC22A09B035007B0FAE /* SettingsView.swift in Sources */,
				BEA7AAB92A09A219007B0FAE /* AuthenticationManager.swift in Sources */,
				BEA7AAE02A0AD60F007B0FAE /* FAQ.swift in Sources */,
				4AD7372829D534A500A54A26 /* UserInfoView.swift in Sources */,
				BEA7AAC42A09B449007B0FAE /* RootView.swift in Sources */,
				BEA7AAB42A099F35007B0FAE /* AuthenticationView.swift in Sources */,
				BEE0304629D2293100DE9929 /* OnboardingScreenView.swift in Sources */,
				BE40818629C970400058C97B /* CircleGroupView.swift in Sources */,
				BEA7AAEF2A11C88A007B0FAE /* ProgressBar.swift in Sources */,
				BEA7AABF2A09AFC4007B0FAE /* EncyclopediaView.swift in Sources */,
				BEA7AADA2A0AC572007B0FAE /* MainView.swift in Sources */,
				BEA7AAE32A0AE5BA007B0FAE /* FAQpage.swift in Sources */,
				BEA7AAED2A11C178007B0FAE /* PrimaryButton.swift in Sources */,
				BEA7AABD2A09AF7B007B0FAE /* ProfileView.swift in Sources */,
				BEE0305629D233E200DE9929 /* OnboardingContentManager.swift in Sources */,
				BE40818229C958170058C97B /* OnboardingView.swift in Sources */,
				BEE0304229D2266100DE9929 /* OnboardingItem.swift in Sources */,
				BE02B58D29B0189300CA5C84 /* ContentView.swift in Sources */,
				BE02B58B29B0189300CA5C84 /* OrofacialApp.swift in Sources */,
				BEA7AAD82A0AC524007B0FAE /* HomeView.swift in Sources */,
				BEA7AAB62A09A06F007B0FAE /* SignInEmailView.swift in Sources */,
				BEA7AAD12A09F308007B0FAE /* User.swift in Sources */,
			);
			runOnlyForDeploymentPostprocessing = 0;
		};
		BE02B59329B0189400CA5C84 /* Sources */ = {
			isa = PBXSourcesBuildPhase;
			buildActionMask = 2147483647;
			files = (
				BE02B59C29B0189400CA5C84 /* OrofacialTests.swift in Sources */,
			);
			runOnlyForDeploymentPostprocessing = 0;
		};
		BE02B59D29B0189400CA5C84 /* Sources */ = {
			isa = PBXSourcesBuildPhase;
			buildActionMask = 2147483647;
			files = (
				BE02B5A629B0189400CA5C84 /* OrofacialUITests.swift in Sources */,
				BE02B5A829B0189400CA5C84 /* OrofacialUITestsLaunchTests.swift in Sources */,
			);
			runOnlyForDeploymentPostprocessing = 0;
		};
/* End PBXSourcesBuildPhase section */

/* Begin PBXTargetDependency section */
		BE02B59929B0189400CA5C84 /* PBXTargetDependency */ = {
			isa = PBXTargetDependency;
			target = BE02B58629B0189300CA5C84 /* Orofacial */;
			targetProxy = BE02B59829B0189400CA5C84 /* PBXContainerItemProxy */;
		};
		BE02B5A329B0189400CA5C84 /* PBXTargetDependency */ = {
			isa = PBXTargetDependency;
			target = BE02B58629B0189300CA5C84 /* Orofacial */;
			targetProxy = BE02B5A229B0189400CA5C84 /* PBXContainerItemProxy */;
		};
/* End PBXTargetDependency section */

/* Begin XCBuildConfiguration section */
		BE02B5A929B0189400CA5C84 /* Debug */ = {
			isa = XCBuildConfiguration;
			buildSettings = {
				ALWAYS_SEARCH_USER_PATHS = NO;
				CLANG_ANALYZER_NONNULL = YES;
				CLANG_ANALYZER_NUMBER_OBJECT_CONVERSION = YES_AGGRESSIVE;
				CLANG_CXX_LANGUAGE_STANDARD = "gnu++20";
				CLANG_ENABLE_MODULES = YES;
				CLANG_ENABLE_OBJC_ARC = YES;
				CLANG_ENABLE_OBJC_WEAK = YES;
				CLANG_WARN_BLOCK_CAPTURE_AUTORELEASING = YES;
				CLANG_WARN_BOOL_CONVERSION = YES;
				CLANG_WARN_COMMA = YES;
				CLANG_WARN_CONSTANT_CONVERSION = YES;
				CLANG_WARN_DEPRECATED_OBJC_IMPLEMENTATIONS = YES;
				CLANG_WARN_DIRECT_OBJC_ISA_USAGE = YES_ERROR;
				CLANG_WARN_DOCUMENTATION_COMMENTS = YES;
				CLANG_WARN_EMPTY_BODY = YES;
				CLANG_WARN_ENUM_CONVERSION = YES;
				CLANG_WARN_INFINITE_RECURSION = YES;
				CLANG_WARN_INT_CONVERSION = YES;
				CLANG_WARN_NON_LITERAL_NULL_CONVERSION = YES;
				CLANG_WARN_OBJC_IMPLICIT_RETAIN_SELF = YES;
				CLANG_WARN_OBJC_LITERAL_CONVERSION = YES;
				CLANG_WARN_OBJC_ROOT_CLASS = YES_ERROR;
				CLANG_WARN_QUOTED_INCLUDE_IN_FRAMEWORK_HEADER = YES;
				CLANG_WARN_RANGE_LOOP_ANALYSIS = YES;
				CLANG_WARN_STRICT_PROTOTYPES = YES;
				CLANG_WARN_SUSPICIOUS_MOVE = YES;
				CLANG_WARN_UNGUARDED_AVAILABILITY = YES_AGGRESSIVE;
				CLANG_WARN_UNREACHABLE_CODE = YES;
				CLANG_WARN__DUPLICATE_METHOD_MATCH = YES;
				COPY_PHASE_STRIP = NO;
				DEBUG_INFORMATION_FORMAT = dwarf;
				ENABLE_STRICT_OBJC_MSGSEND = YES;
				ENABLE_TESTABILITY = YES;
				GCC_C_LANGUAGE_STANDARD = gnu11;
				GCC_DYNAMIC_NO_PIC = NO;
				GCC_NO_COMMON_BLOCKS = YES;
				GCC_OPTIMIZATION_LEVEL = 0;
				GCC_PREPROCESSOR_DEFINITIONS = (
					"DEBUG=1",
					"$(inherited)",
				);
				GCC_WARN_64_TO_32_BIT_CONVERSION = YES;
				GCC_WARN_ABOUT_RETURN_TYPE = YES_ERROR;
				GCC_WARN_UNDECLARED_SELECTOR = YES;
				GCC_WARN_UNINITIALIZED_AUTOS = YES_AGGRESSIVE;
				GCC_WARN_UNUSED_FUNCTION = YES;
				GCC_WARN_UNUSED_VARIABLE = YES;
				IPHONEOS_DEPLOYMENT_TARGET = 16.2;
				MTL_ENABLE_DEBUG_INFO = INCLUDE_SOURCE;
				MTL_FAST_MATH = YES;
				ONLY_ACTIVE_ARCH = YES;
				SDKROOT = iphoneos;
				SWIFT_ACTIVE_COMPILATION_CONDITIONS = DEBUG;
				SWIFT_OPTIMIZATION_LEVEL = "-Onone";
			};
			name = Debug;
		};
		BE02B5AA29B0189400CA5C84 /* Release */ = {
			isa = XCBuildConfiguration;
			buildSettings = {
				ALWAYS_SEARCH_USER_PATHS = NO;
				CLANG_ANALYZER_NONNULL = YES;
				CLANG_ANALYZER_NUMBER_OBJECT_CONVERSION = YES_AGGRESSIVE;
				CLANG_CXX_LANGUAGE_STANDARD = "gnu++20";
				CLANG_ENABLE_MODULES = YES;
				CLANG_ENABLE_OBJC_ARC = YES;
				CLANG_ENABLE_OBJC_WEAK = YES;
				CLANG_WARN_BLOCK_CAPTURE_AUTORELEASING = YES;
				CLANG_WARN_BOOL_CONVERSION = YES;
				CLANG_WARN_COMMA = YES;
				CLANG_WARN_CONSTANT_CONVERSION = YES;
				CLANG_WARN_DEPRECATED_OBJC_IMPLEMENTATIONS = YES;
				CLANG_WARN_DIRECT_OBJC_ISA_USAGE = YES_ERROR;
				CLANG_WARN_DOCUMENTATION_COMMENTS = YES;
				CLANG_WARN_EMPTY_BODY = YES;
				CLANG_WARN_ENUM_CONVERSION = YES;
				CLANG_WARN_INFINITE_RECURSION = YES;
				CLANG_WARN_INT_CONVERSION = YES;
				CLANG_WARN_NON_LITERAL_NULL_CONVERSION = YES;
				CLANG_WARN_OBJC_IMPLICIT_RETAIN_SELF = YES;
				CLANG_WARN_OBJC_LITERAL_CONVERSION = YES;
				CLANG_WARN_OBJC_ROOT_CLASS = YES_ERROR;
				CLANG_WARN_QUOTED_INCLUDE_IN_FRAMEWORK_HEADER = YES;
				CLANG_WARN_RANGE_LOOP_ANALYSIS = YES;
				CLANG_WARN_STRICT_PROTOTYPES = YES;
				CLANG_WARN_SUSPICIOUS_MOVE = YES;
				CLANG_WARN_UNGUARDED_AVAILABILITY = YES_AGGRESSIVE;
				CLANG_WARN_UNREACHABLE_CODE = YES;
				CLANG_WARN__DUPLICATE_METHOD_MATCH = YES;
				COPY_PHASE_STRIP = NO;
				DEBUG_INFORMATION_FORMAT = "dwarf-with-dsym";
				ENABLE_NS_ASSERTIONS = NO;
				ENABLE_STRICT_OBJC_MSGSEND = YES;
				GCC_C_LANGUAGE_STANDARD = gnu11;
				GCC_NO_COMMON_BLOCKS = YES;
				GCC_WARN_64_TO_32_BIT_CONVERSION = YES;
				GCC_WARN_ABOUT_RETURN_TYPE = YES_ERROR;
				GCC_WARN_UNDECLARED_SELECTOR = YES;
				GCC_WARN_UNINITIALIZED_AUTOS = YES_AGGRESSIVE;
				GCC_WARN_UNUSED_FUNCTION = YES;
				GCC_WARN_UNUSED_VARIABLE = YES;
				IPHONEOS_DEPLOYMENT_TARGET = 16.2;
				MTL_ENABLE_DEBUG_INFO = NO;
				MTL_FAST_MATH = YES;
				SDKROOT = iphoneos;
				SWIFT_COMPILATION_MODE = wholemodule;
				SWIFT_OPTIMIZATION_LEVEL = "-O";
				VALIDATE_PRODUCT = YES;
			};
			name = Release;
		};
		BE02B5AC29B0189400CA5C84 /* Debug */ = {
			isa = XCBuildConfiguration;
			buildSettings = {
				ASSETCATALOG_COMPILER_APPICON_NAME = AppIcon;
				ASSETCATALOG_COMPILER_GLOBAL_ACCENT_COLOR_NAME = AccentColor;
				CODE_SIGN_STYLE = Automatic;
				CURRENT_PROJECT_VERSION = 1;
				DEVELOPMENT_ASSET_PATHS = "\"Orofacial/Preview Content\"";
				ENABLE_PREVIEWS = YES;
				GENERATE_INFOPLIST_FILE = YES;
				INFOPLIST_KEY_UIApplicationSceneManifest_Generation = YES;
				INFOPLIST_KEY_UIApplicationSupportsIndirectInputEvents = YES;
				INFOPLIST_KEY_UILaunchScreen_Generation = YES;
				INFOPLIST_KEY_UISupportedInterfaceOrientations_iPad = "UIInterfaceOrientationPortrait UIInterfaceOrientationPortraitUpsideDown UIInterfaceOrientationLandscapeLeft UIInterfaceOrientationLandscapeRight";
				INFOPLIST_KEY_UISupportedInterfaceOrientations_iPhone = "UIInterfaceOrientationPortrait UIInterfaceOrientationLandscapeLeft UIInterfaceOrientationLandscapeRight";
				LD_RUNPATH_SEARCH_PATHS = (
					"$(inherited)",
					"@executable_path/Frameworks",
				);
				MARKETING_VERSION = 1.0;
				PRODUCT_BUNDLE_IDENTIFIER = com.AKCSE.Orofacial;
				PRODUCT_NAME = "$(TARGET_NAME)";
				SWIFT_EMIT_LOC_STRINGS = YES;
				SWIFT_VERSION = 5.0;
				TARGETED_DEVICE_FAMILY = "1,2";
			};
			name = Debug;
		};
		BE02B5AD29B0189400CA5C84 /* Release */ = {
			isa = XCBuildConfiguration;
			buildSettings = {
				ASSETCATALOG_COMPILER_APPICON_NAME = AppIcon;
				ASSETCATALOG_COMPILER_GLOBAL_ACCENT_COLOR_NAME = AccentColor;
				CODE_SIGN_STYLE = Automatic;
				CURRENT_PROJECT_VERSION = 1;
				DEVELOPMENT_ASSET_PATHS = "\"Orofacial/Preview Content\"";
				ENABLE_PREVIEWS = YES;
				GENERATE_INFOPLIST_FILE = YES;
				INFOPLIST_KEY_UIApplicationSceneManifest_Generation = YES;
				INFOPLIST_KEY_UIApplicationSupportsIndirectInputEvents = YES;
				INFOPLIST_KEY_UILaunchScreen_Generation = YES;
				INFOPLIST_KEY_UISupportedInterfaceOrientations_iPad = "UIInterfaceOrientationPortrait UIInterfaceOrientationPortraitUpsideDown UIInterfaceOrientationLandscapeLeft UIInterfaceOrientationLandscapeRight";
				INFOPLIST_KEY_UISupportedInterfaceOrientations_iPhone = "UIInterfaceOrientationPortrait UIInterfaceOrientationLandscapeLeft UIInterfaceOrientationLandscapeRight";
				LD_RUNPATH_SEARCH_PATHS = (
					"$(inherited)",
					"@executable_path/Frameworks",
				);
				MARKETING_VERSION = 1.0;
				PRODUCT_BUNDLE_IDENTIFIER = com.AKCSE.Orofacial;
				PRODUCT_NAME = "$(TARGET_NAME)";
				SWIFT_EMIT_LOC_STRINGS = YES;
				SWIFT_VERSION = 5.0;
				TARGETED_DEVICE_FAMILY = "1,2";
			};
			name = Release;
		};
		BE02B5AF29B0189400CA5C84 /* Debug */ = {
			isa = XCBuildConfiguration;
			buildSettings = {
				ALWAYS_EMBED_SWIFT_STANDARD_LIBRARIES = YES;
				BUNDLE_LOADER = "$(TEST_HOST)";
				CODE_SIGN_STYLE = Automatic;
				CURRENT_PROJECT_VERSION = 1;
				GENERATE_INFOPLIST_FILE = YES;
				IPHONEOS_DEPLOYMENT_TARGET = 16.2;
				MARKETING_VERSION = 1.0;
				PRODUCT_BUNDLE_IDENTIFIER = com.AKCSE.OrofacialTests;
				PRODUCT_NAME = "$(TARGET_NAME)";
				SWIFT_EMIT_LOC_STRINGS = NO;
				SWIFT_VERSION = 5.0;
				TARGETED_DEVICE_FAMILY = "1,2";
				TEST_HOST = "$(BUILT_PRODUCTS_DIR)/Orofacial.app/$(BUNDLE_EXECUTABLE_FOLDER_PATH)/Orofacial";
			};
			name = Debug;
		};
		BE02B5B029B0189400CA5C84 /* Release */ = {
			isa = XCBuildConfiguration;
			buildSettings = {
				ALWAYS_EMBED_SWIFT_STANDARD_LIBRARIES = YES;
				BUNDLE_LOADER = "$(TEST_HOST)";
				CODE_SIGN_STYLE = Automatic;
				CURRENT_PROJECT_VERSION = 1;
				GENERATE_INFOPLIST_FILE = YES;
				IPHONEOS_DEPLOYMENT_TARGET = 16.2;
				MARKETING_VERSION = 1.0;
				PRODUCT_BUNDLE_IDENTIFIER = com.AKCSE.OrofacialTests;
				PRODUCT_NAME = "$(TARGET_NAME)";
				SWIFT_EMIT_LOC_STRINGS = NO;
				SWIFT_VERSION = 5.0;
				TARGETED_DEVICE_FAMILY = "1,2";
				TEST_HOST = "$(BUILT_PRODUCTS_DIR)/Orofacial.app/$(BUNDLE_EXECUTABLE_FOLDER_PATH)/Orofacial";
			};
			name = Release;
		};
		BE02B5B229B0189400CA5C84 /* Debug */ = {
			isa = XCBuildConfiguration;
			buildSettings = {
				ALWAYS_EMBED_SWIFT_STANDARD_LIBRARIES = YES;
				CODE_SIGN_STYLE = Automatic;
				CURRENT_PROJECT_VERSION = 1;
				GENERATE_INFOPLIST_FILE = YES;
				MARKETING_VERSION = 1.0;
				PRODUCT_BUNDLE_IDENTIFIER = com.AKCSE.OrofacialUITests;
				PRODUCT_NAME = "$(TARGET_NAME)";
				SWIFT_EMIT_LOC_STRINGS = NO;
				SWIFT_VERSION = 5.0;
				TARGETED_DEVICE_FAMILY = "1,2";
				TEST_TARGET_NAME = Orofacial;
			};
			name = Debug;
		};
		BE02B5B329B0189400CA5C84 /* Release */ = {
			isa = XCBuildConfiguration;
			buildSettings = {
				ALWAYS_EMBED_SWIFT_STANDARD_LIBRARIES = YES;
				CODE_SIGN_STYLE = Automatic;
				CURRENT_PROJECT_VERSION = 1;
				GENERATE_INFOPLIST_FILE = YES;
				MARKETING_VERSION = 1.0;
				PRODUCT_BUNDLE_IDENTIFIER = com.AKCSE.OrofacialUITests;
				PRODUCT_NAME = "$(TARGET_NAME)";
				SWIFT_EMIT_LOC_STRINGS = NO;
				SWIFT_VERSION = 5.0;
				TARGETED_DEVICE_FAMILY = "1,2";
				TEST_TARGET_NAME = Orofacial;
			};
			name = Release;
		};
/* End XCBuildConfiguration section */

/* Begin XCConfigurationList section */
		BE02B58229B0189300CA5C84 /* Build configuration list for PBXProject "Orofacial" */ = {
			isa = XCConfigurationList;
			buildConfigurations = (
				BE02B5A929B0189400CA5C84 /* Debug */,
				BE02B5AA29B0189400CA5C84 /* Release */,
			);
			defaultConfigurationIsVisible = 0;
			defaultConfigurationName = Release;
		};
		BE02B5AB29B0189400CA5C84 /* Build configuration list for PBXNativeTarget "Orofacial" */ = {
			isa = XCConfigurationList;
			buildConfigurations = (
				BE02B5AC29B0189400CA5C84 /* Debug */,
				BE02B5AD29B0189400CA5C84 /* Release */,
			);
			defaultConfigurationIsVisible = 0;
			defaultConfigurationName = Release;
		};
		BE02B5AE29B0189400CA5C84 /* Build configuration list for PBXNativeTarget "OrofacialTests" */ = {
			isa = XCConfigurationList;
			buildConfigurations = (
				BE02B5AF29B0189400CA5C84 /* Debug */,
				BE02B5B029B0189400CA5C84 /* Release */,
			);
			defaultConfigurationIsVisible = 0;
			defaultConfigurationName = Release;
		};
		BE02B5B129B0189400CA5C84 /* Build configuration list for PBXNativeTarget "OrofacialUITests" */ = {
			isa = XCConfigurationList;
			buildConfigurations = (
				BE02B5B229B0189400CA5C84 /* Debug */,
				BE02B5B329B0189400CA5C84 /* Release */,
			);
			defaultConfigurationIsVisible = 0;
			defaultConfigurationName = Release;
		};
/* End XCConfigurationList section */

/* Begin XCRemoteSwiftPackageReference section */
		3A67BD4829D61BEF00296FCE /* XCRemoteSwiftPackageReference "firebase-ios-sdk" */ = {
			isa = XCRemoteSwiftPackageReference;
			repositoryURL = "https://github.com/firebase/firebase-ios-sdk";
			requirement = {
				branch = master;
				kind = branch;
			};
		};
/* End XCRemoteSwiftPackageReference section */

/* Begin XCSwiftPackageProductDependency section */
		3A67BD4929D61BEF00296FCE /* FirebaseAnalytics */ = {
			isa = XCSwiftPackageProductDependency;
			package = 3A67BD4829D61BEF00296FCE /* XCRemoteSwiftPackageReference "firebase-ios-sdk" */;
			productName = FirebaseAnalytics;
		};
		3A67BD4B29D61BEF00296FCE /* FirebaseAnalyticsOnDeviceConversion */ = {
			isa = XCSwiftPackageProductDependency;
			package = 3A67BD4829D61BEF00296FCE /* XCRemoteSwiftPackageReference "firebase-ios-sdk" */;
			productName = FirebaseAnalyticsOnDeviceConversion;
		};
		3A67BD4D29D61BEF00296FCE /* FirebaseAnalyticsSwift */ = {
			isa = XCSwiftPackageProductDependency;
			package = 3A67BD4829D61BEF00296FCE /* XCRemoteSwiftPackageReference "firebase-ios-sdk" */;
			productName = FirebaseAnalyticsSwift;
		};
		3A67BD4F29D61BEF00296FCE /* FirebaseAnalyticsWithoutAdIdSupport */ = {
			isa = XCSwiftPackageProductDependency;
			package = 3A67BD4829D61BEF00296FCE /* XCRemoteSwiftPackageReference "firebase-ios-sdk" */;
			productName = FirebaseAnalyticsWithoutAdIdSupport;
		};
		3A67BD5129D61BEF00296FCE /* FirebaseAppCheck */ = {
			isa = XCSwiftPackageProductDependency;
			package = 3A67BD4829D61BEF00296FCE /* XCRemoteSwiftPackageReference "firebase-ios-sdk" */;
			productName = FirebaseAppCheck;
		};
		3A67BD5329D61BEF00296FCE /* FirebaseAppDistribution-Beta */ = {
			isa = XCSwiftPackageProductDependency;
			package = 3A67BD4829D61BEF00296FCE /* XCRemoteSwiftPackageReference "firebase-ios-sdk" */;
			productName = "FirebaseAppDistribution-Beta";
		};
		3A67BD5529D61BEF00296FCE /* FirebaseAuth */ = {
			isa = XCSwiftPackageProductDependency;
			package = 3A67BD4829D61BEF00296FCE /* XCRemoteSwiftPackageReference "firebase-ios-sdk" */;
			productName = FirebaseAuth;
		};
		3A67BD5729D61BEF00296FCE /* FirebaseAuthCombine-Community */ = {
			isa = XCSwiftPackageProductDependency;
			package = 3A67BD4829D61BEF00296FCE /* XCRemoteSwiftPackageReference "firebase-ios-sdk" */;
			productName = "FirebaseAuthCombine-Community";
		};
		3A67BD5929D61BEF00296FCE /* FirebaseCrashlytics */ = {
			isa = XCSwiftPackageProductDependency;
			package = 3A67BD4829D61BEF00296FCE /* XCRemoteSwiftPackageReference "firebase-ios-sdk" */;
			productName = FirebaseCrashlytics;
		};
		3A67BD5B29D61BEF00296FCE /* FirebaseDatabase */ = {
			isa = XCSwiftPackageProductDependency;
			package = 3A67BD4829D61BEF00296FCE /* XCRemoteSwiftPackageReference "firebase-ios-sdk" */;
			productName = FirebaseDatabase;
		};
		3A67BD5D29D61BEF00296FCE /* FirebaseDatabaseSwift */ = {
			isa = XCSwiftPackageProductDependency;
			package = 3A67BD4829D61BEF00296FCE /* XCRemoteSwiftPackageReference "firebase-ios-sdk" */;
			productName = FirebaseDatabaseSwift;
		};
		3A67BD5F29D61BEF00296FCE /* FirebaseDynamicLinks */ = {
			isa = XCSwiftPackageProductDependency;
			package = 3A67BD4829D61BEF00296FCE /* XCRemoteSwiftPackageReference "firebase-ios-sdk" */;
			productName = FirebaseDynamicLinks;
		};
		3A67BD6129D61BEF00296FCE /* FirebaseFirestore */ = {
			isa = XCSwiftPackageProductDependency;
			package = 3A67BD4829D61BEF00296FCE /* XCRemoteSwiftPackageReference "firebase-ios-sdk" */;
			productName = FirebaseFirestore;
		};
		3A67BD6329D61BEF00296FCE /* FirebaseFirestoreCombine-Community */ = {
			isa = XCSwiftPackageProductDependency;
			package = 3A67BD4829D61BEF00296FCE /* XCRemoteSwiftPackageReference "firebase-ios-sdk" */;
			productName = "FirebaseFirestoreCombine-Community";
		};
		3A67BD6529D61BEF00296FCE /* FirebaseFirestoreSwift */ = {
			isa = XCSwiftPackageProductDependency;
			package = 3A67BD4829D61BEF00296FCE /* XCRemoteSwiftPackageReference "firebase-ios-sdk" */;
			productName = FirebaseFirestoreSwift;
		};
		3A67BD6729D61BEF00296FCE /* FirebaseFunctions */ = {
			isa = XCSwiftPackageProductDependency;
			package = 3A67BD4829D61BEF00296FCE /* XCRemoteSwiftPackageReference "firebase-ios-sdk" */;
			productName = FirebaseFunctions;
		};
		3A67BD6929D61BEF00296FCE /* FirebaseFunctionsCombine-Community */ = {
			isa = XCSwiftPackageProductDependency;
			package = 3A67BD4829D61BEF00296FCE /* XCRemoteSwiftPackageReference "firebase-ios-sdk" */;
			productName = "FirebaseFunctionsCombine-Community";
		};
		3A67BD6B29D61BEF00296FCE /* FirebaseInAppMessaging-Beta */ = {
			isa = XCSwiftPackageProductDependency;
			package = 3A67BD4829D61BEF00296FCE /* XCRemoteSwiftPackageReference "firebase-ios-sdk" */;
			productName = "FirebaseInAppMessaging-Beta";
		};
		3A67BD6D29D61BEF00296FCE /* FirebaseInAppMessagingSwift-Beta */ = {
			isa = XCSwiftPackageProductDependency;
			package = 3A67BD4829D61BEF00296FCE /* XCRemoteSwiftPackageReference "firebase-ios-sdk" */;
			productName = "FirebaseInAppMessagingSwift-Beta";
		};
		3A67BD6F29D61BEF00296FCE /* FirebaseInstallations */ = {
			isa = XCSwiftPackageProductDependency;
			package = 3A67BD4829D61BEF00296FCE /* XCRemoteSwiftPackageReference "firebase-ios-sdk" */;
			productName = FirebaseInstallations;
		};
		3A67BD7129D61BEF00296FCE /* FirebaseMLModelDownloader */ = {
			isa = XCSwiftPackageProductDependency;
			package = 3A67BD4829D61BEF00296FCE /* XCRemoteSwiftPackageReference "firebase-ios-sdk" */;
			productName = FirebaseMLModelDownloader;
		};
		3A67BD7329D61BEF00296FCE /* FirebaseMessaging */ = {
			isa = XCSwiftPackageProductDependency;
			package = 3A67BD4829D61BEF00296FCE /* XCRemoteSwiftPackageReference "firebase-ios-sdk" */;
			productName = FirebaseMessaging;
		};
		3A67BD7529D61BEF00296FCE /* FirebasePerformance */ = {
			isa = XCSwiftPackageProductDependency;
			package = 3A67BD4829D61BEF00296FCE /* XCRemoteSwiftPackageReference "firebase-ios-sdk" */;
			productName = FirebasePerformance;
		};
		3A67BD7729D61BEF00296FCE /* FirebaseRemoteConfig */ = {
			isa = XCSwiftPackageProductDependency;
			package = 3A67BD4829D61BEF00296FCE /* XCRemoteSwiftPackageReference "firebase-ios-sdk" */;
			productName = FirebaseRemoteConfig;
		};
		3A67BD7929D61BEF00296FCE /* FirebaseRemoteConfigSwift */ = {
			isa = XCSwiftPackageProductDependency;
			package = 3A67BD4829D61BEF00296FCE /* XCRemoteSwiftPackageReference "firebase-ios-sdk" */;
			productName = FirebaseRemoteConfigSwift;
		};
		3A67BD7B29D61BEF00296FCE /* FirebaseStorage */ = {
			isa = XCSwiftPackageProductDependency;
			package = 3A67BD4829D61BEF00296FCE /* XCRemoteSwiftPackageReference "firebase-ios-sdk" */;
			productName = FirebaseStorage;
		};
		3A67BD7D29D61BEF00296FCE /* FirebaseStorageCombine-Community */ = {
			isa = XCSwiftPackageProductDependency;
			package = 3A67BD4829D61BEF00296FCE /* XCRemoteSwiftPackageReference "firebase-ios-sdk" */;
			productName = "FirebaseStorageCombine-Community";
		};
/* End XCSwiftPackageProductDependency section */
	};
	rootObject = BE02B57F29B0189300CA5C84 /* Project object */;
}
